{
  "version": 4,
  "terraform_version": "0.13.5",
  "serial": 773,
  "lineage": "0bf74d0d-385c-27ad-6a2a-d67773b0e0fe",
  "outputs": {},
  "resources": [
    {
      "mode": "data",
      "type": "aws_availability_zones",
      "name": "available",
      "provider": "provider[\"registry.terraform.io/hashicorp/aws\"]",
      "instances": [
        {
          "schema_version": 0,
          "attributes": {
            "all_availability_zones": null,
            "exclude_names": null,
            "exclude_zone_ids": null,
            "filter": null,
            "group_names": [
              "eu-west-1"
            ],
            "id": "eu-west-1",
            "names": [
              "eu-west-1a",
              "eu-west-1b",
              "eu-west-1c"
            ],
            "state": null,
            "zone_ids": [
              "euw1-az2",
              "euw1-az3",
              "euw1-az1"
            ]
          }
        }
      ]
    },
    {
      "mode": "data",
      "type": "aws_eks_cluster",
      "name": "cluster",
      "provider": "provider[\"registry.terraform.io/hashicorp/aws\"]",
      "instances": [
        {
          "schema_version": 0,
          "attributes": {
            "arn": "arn:aws:eks:eu-west-1:346831921596:cluster/backbase-eks-cluster",
            "certificate_authority": [
              {
                "data": "LS0tLS1CRUdJTiBDRVJUSUZJQ0FURS0tLS0tCk1JSUN5RENDQWJDZ0F3SUJBZ0lCQURBTkJna3Foa2lHOXcwQkFRc0ZBREFWTVJNd0VRWURWUVFERXdwcmRXSmwKY201bGRHVnpNQjRYRFRJd01URXpNREEyTURjd04xb1hEVE13TVRFeU9EQTJNRGN3TjFvd0ZURVRNQkVHQTFVRQpBeE1LYTNWaVpYSnVaWFJsY3pDQ0FTSXdEUVlKS29aSWh2Y05BUUVCQlFBRGdnRVBBRENDQVFvQ2dnRUJBUEk4ClluNDBDcHMwWlFudGI2VENHa1RxNjVwYTdJKyttUm5RT0kzL2VZVmw1MGtkSHNhbll0YnIwSUVJelJGOFR4ZXQKZWtoSXlqSTlDVEMyNXF3TXhUejVvUlRTeU13OU1BUkFJa3F6ZjMyZjZ5Y0t5U3N6VFNwa3JCMTJiMy8zWW4yMAo3U0dqQUo4NFhuUms4YlBFMUtLM3RyQVl2dmJzR3FiK0tEYXlXcUhCM1hiNHMzZTJ1RXZOQ0lHYjlHdGRGTlhJCnNyT1BZQWpGYnhLdmJUdlNMa2dROWRvZ0dVTGxUT05KNXpWeTAzWEJkeFJINTF3UyswVklTaDBXN1JQNVhPQzAKV2Z2MmpGVkFMVkNXcGtRMzBBbnZuWkhrKzNlK3RNWEgxOWZ0NnJQREE5bytnYWMyMjMzbTJhRmdLaGZRUXhSSgpvYk5QaE5VczBwK0tRVTZnaWY4Q0F3RUFBYU1qTUNFd0RnWURWUjBQQVFIL0JBUURBZ0trTUE4R0ExVWRFd0VCCi93UUZNQU1CQWY4d0RRWUpLb1pJaHZjTkFRRUxCUUFEZ2dFQkFPOGE0STJoeXBBOU5uc3YyK2FoSUxaOTA2RkIKVmswK3l4b0lHbEZiUmE1K0RhcVF4MGtSMEs3bjkxVHJKRHhDK2RYWnBaZEFQWThwTFNJV0VoTzJWeEx1VUVhTApSUGQrbnNaTzcxUHg5SDhCUW01bDVYLzdHQm9YSnVVN1cwbnhLbHJrSHk5a09WeU9XTFVxY0drd0ZwUWpZNDVRCjFUbm9ZMzJ1OHluS0dTMjVqQ0RMaHhOakxxTmlKWi9xL0JUcVFnYlBYL2RCSDExVXFKQitXNXJCTnF6RERCc3QKWHYvNUtQR0V5T3F6a3AyNWtRVXhRUVRwekRMRHhXQm9HKzZCVTNWZVpRMm5SY0FxSm9vMjNmTWovbDRHZGNsSApHaXo3SGtzNFdoekM0WitrdWRFVHIrRDZ2YWZsWkpIM3JuMDlrc2FiaUo2eHdsR0E4RlA2MnZCbWd5RT0KLS0tLS1FTkQgQ0VSVElGSUNBVEUtLS0tLQo="
              }
            ],
            "created_at": "2020-11-30 05:59:17.337 +0000 UTC",
            "enabled_cluster_log_types": [],
            "endpoint": "https://57480F6B3A9BBF84C3EA6CB7A5AE2166.gr7.eu-west-1.eks.amazonaws.com",
            "id": "backbase-eks-cluster",
            "identity": [
              {
                "oidc": [
                  {
                    "issuer": "https://oidc.eks.eu-west-1.amazonaws.com/id/57480F6B3A9BBF84C3EA6CB7A5AE2166"
                  }
                ]
              }
            ],
            "name": "backbase-eks-cluster",
            "platform_version": "eks.3",
            "role_arn": "arn:aws:iam::346831921596:role/backbase-eks-cluster20201130055912956400000001",
            "status": "ACTIVE",
            "tags": {},
            "version": "1.18",
            "vpc_config": [
              {
                "cluster_security_group_id": "sg-0f84a64e06a074db4",
                "endpoint_private_access": false,
                "endpoint_public_access": true,
                "public_access_cidrs": [
                  "0.0.0.0/0"
                ],
                "security_group_ids": [
                  "sg-0a82bff4bc8a3c2b2"
                ],
                "subnet_ids": [
                  "subnet-00ed78cf405e115fe",
                  "subnet-0497a067b9f6aa0cd",
                  "subnet-0b93fb84568382200"
                ],
                "vpc_id": "vpc-02991cf5c94deb34e"
              }
            ]
          }
        }
      ]
    },
    {
      "mode": "data",
      "type": "aws_eks_cluster_auth",
      "name": "cluster",
      "provider": "provider[\"registry.terraform.io/hashicorp/aws\"]",
      "instances": [
        {
          "schema_version": 0,
          "attributes": {
            "id": "backbase-eks-cluster",
            "name": "backbase-eks-cluster",
            "token": "k8s-aws-v1.aHR0cHM6Ly9zdHMuYW1hem9uYXdzLmNvbS8_QWN0aW9uPUdldENhbGxlcklkZW50aXR5JlZlcnNpb249MjAxMS0wNi0xNSZYLUFtei1BbGdvcml0aG09QVdTNC1ITUFDLVNIQTI1NiZYLUFtei1DcmVkZW50aWFsPUFLSUFWQlFHTEVHNkhDVEFXWEtOJTJGMjAyMDExMzAlMkZ1cy1lYXN0LTElMkZzdHMlMkZhd3M0X3JlcXVlc3QmWC1BbXotRGF0ZT0yMDIwMTEzMFQwNjE1NThaJlgtQW16LUV4cGlyZXM9MCZYLUFtei1TaWduZWRIZWFkZXJzPWhvc3QlM0J4LWs4cy1hd3MtaWQmWC1BbXotU2lnbmF0dXJlPTg4MGEwYjE4ZjYyMWMxYTkyNzI0YjAxNTdkOGYzZWRjZmY3MmZlZjAyNDdlNGQwN2M4YzVlNDVjNzIzY2E2MWU"
          }
        }
      ]
    },
    {
      "mode": "managed",
      "type": "aws_iam_role",
      "name": "backbase_eks_cs_role",
      "provider": "provider[\"registry.terraform.io/hashicorp/aws\"]",
      "instances": [
        {
          "schema_version": 0,
          "attributes": {
            "arn": "arn:aws:iam::346831921596:role/backbase_eks_cs_role",
            "assume_role_policy": "{\"Version\":\"2012-10-17\",\"Statement\":[{\"Effect\":\"Allow\",\"Principal\":{\"Service\":\"eks.amazonaws.com\"},\"Action\":\"sts:AssumeRole\"}]}",
            "create_date": "2020-11-30T05:59:13Z",
            "description": "",
            "force_detach_policies": false,
            "id": "backbase_eks_cs_role",
            "max_session_duration": 3600,
            "name": "backbase_eks_cs_role",
            "name_prefix": null,
            "path": "/",
            "permissions_boundary": null,
            "tags": null,
            "unique_id": "AROAVBQGLEG6GQC5MAY5Y"
          },
          "private": "bnVsbA=="
        }
      ]
    },
    {
      "mode": "managed",
      "type": "aws_iam_role_policy_attachment",
      "name": "backbase_eks_cs_role-AmazonEKSClusterPolicy",
      "provider": "provider[\"registry.terraform.io/hashicorp/aws\"]",
      "instances": [
        {
          "schema_version": 0,
          "attributes": {
            "id": "backbase_eks_cs_role-20201130055913965400000004",
            "policy_arn": "arn:aws:iam::aws:policy/AmazonEKSClusterPolicy",
            "role": "backbase_eks_cs_role"
          },
          "private": "bnVsbA==",
          "dependencies": [
            "aws_iam_role.backbase_eks_cs_role"
          ]
        }
      ]
    },
    {
      "mode": "managed",
      "type": "aws_iam_role_policy_attachment",
      "name": "backbase_eks_cs_role-AmazonEKSVPCResourceController",
      "provider": "provider[\"registry.terraform.io/hashicorp/aws\"]",
      "instances": [
        {
          "schema_version": 0,
          "attributes": {
            "id": "backbase_eks_cs_role-20201130055913960800000003",
            "policy_arn": "arn:aws:iam::aws:policy/AmazonEKSVPCResourceController",
            "role": "backbase_eks_cs_role"
          },
          "private": "bnVsbA==",
          "dependencies": [
            "aws_iam_role.backbase_eks_cs_role"
          ]
        }
      ]
    },
    {
      "mode": "managed",
      "type": "aws_security_group",
      "name": "all_worker_mgmt",
      "provider": "provider[\"registry.terraform.io/hashicorp/aws\"]",
      "instances": [
        {
          "schema_version": 1,
          "attributes": {
            "arn": "arn:aws:ec2:eu-west-1:346831921596:security-group/sg-0375b67f0f6a748ff",
            "description": "Managed by Terraform",
            "egress": [],
            "id": "sg-0375b67f0f6a748ff",
            "ingress": [
              {
                "cidr_blocks": [
                  "0.0.0.0/0",
                  "10.0.0.0/8",
                  "172.16.0.0/12",
                  "192.168.0.0/16"
                ],
                "description": "",
                "from_port": 22,
                "ipv6_cidr_blocks": [],
                "prefix_list_ids": [],
                "protocol": "tcp",
                "security_groups": [],
                "self": false,
                "to_port": 22
              }
            ],
            "name": "all_worker_management20201130055913999000000008",
            "name_prefix": "all_worker_management",
            "owner_id": "346831921596",
            "revoke_rules_on_delete": false,
            "tags": null,
            "timeouts": null,
            "vpc_id": "vpc-02991cf5c94deb34e"
          },
          "private": "eyJlMmJmYjczMC1lY2FhLTExZTYtOGY4OC0zNDM2M2JjN2M0YzAiOnsiY3JlYXRlIjo2MDAwMDAwMDAwMDAsImRlbGV0ZSI6NjAwMDAwMDAwMDAwfSwic2NoZW1hX3ZlcnNpb24iOiIxIn0=",
          "dependencies": [
            "module.vpc.aws_vpc.this"
          ],
          "create_before_destroy": true
        }
      ]
    },
    {
      "mode": "managed",
      "type": "aws_security_group",
      "name": "worker_group_mgmt_one",
      "provider": "provider[\"registry.terraform.io/hashicorp/aws\"]",
      "instances": [
        {
          "schema_version": 1,
          "attributes": {
            "arn": "arn:aws:ec2:eu-west-1:346831921596:security-group/sg-095c545ace7a1882c",
            "description": "Managed by Terraform",
            "egress": [],
            "id": "sg-095c545ace7a1882c",
            "ingress": [
              {
                "cidr_blocks": [
                  "0.0.0.0/0",
                  "10.0.0.0/8"
                ],
                "description": "",
                "from_port": 22,
                "ipv6_cidr_blocks": [],
                "prefix_list_ids": [],
                "protocol": "tcp",
                "security_groups": [],
                "self": false,
                "to_port": 22
              }
            ],
            "name": "worker_group_mgmt_one20201130055913997700000007",
            "name_prefix": "worker_group_mgmt_one",
            "owner_id": "346831921596",
            "revoke_rules_on_delete": false,
            "tags": null,
            "timeouts": null,
            "vpc_id": "vpc-02991cf5c94deb34e"
          },
          "private": "eyJlMmJmYjczMC1lY2FhLTExZTYtOGY4OC0zNDM2M2JjN2M0YzAiOnsiY3JlYXRlIjo2MDAwMDAwMDAwMDAsImRlbGV0ZSI6NjAwMDAwMDAwMDAwfSwic2NoZW1hX3ZlcnNpb24iOiIxIn0=",
          "dependencies": [
            "module.vpc.aws_vpc.this"
          ],
          "create_before_destroy": true
        }
      ]
    },
    {
      "mode": "managed",
      "type": "aws_security_group",
      "name": "worker_group_mgmt_two",
      "provider": "provider[\"registry.terraform.io/hashicorp/aws\"]",
      "instances": [
        {
          "schema_version": 1,
          "attributes": {
            "arn": "arn:aws:ec2:eu-west-1:346831921596:security-group/sg-05b59460ed91a7951",
            "description": "Managed by Terraform",
            "egress": [],
            "id": "sg-05b59460ed91a7951",
            "ingress": [
              {
                "cidr_blocks": [
                  "0.0.0.0/0",
                  "192.168.0.0/16"
                ],
                "description": "",
                "from_port": 22,
                "ipv6_cidr_blocks": [],
                "prefix_list_ids": [],
                "protocol": "tcp",
                "security_groups": [],
                "self": false,
                "to_port": 22
              }
            ],
            "name": "worker_group_mgmt_two20201130055914000200000009",
            "name_prefix": "worker_group_mgmt_two",
            "owner_id": "346831921596",
            "revoke_rules_on_delete": false,
            "tags": null,
            "timeouts": null,
            "vpc_id": "vpc-02991cf5c94deb34e"
          },
          "private": "eyJlMmJmYjczMC1lY2FhLTExZTYtOGY4OC0zNDM2M2JjN2M0YzAiOnsiY3JlYXRlIjo2MDAwMDAwMDAwMDAsImRlbGV0ZSI6NjAwMDAwMDAwMDAwfSwic2NoZW1hX3ZlcnNpb24iOiIxIn0=",
          "dependencies": [
            "module.vpc.aws_vpc.this"
          ]
        }
      ]
    },
    {
      "mode": "managed",
      "type": "random_string",
      "name": "suffix",
      "provider": "provider[\"registry.terraform.io/hashicorp/random\"]",
      "instances": [
        {
          "schema_version": 1,
          "attributes": {
            "id": "WIOssZko",
            "keepers": null,
            "length": 8,
            "lower": true,
            "min_lower": 0,
            "min_numeric": 0,
            "min_special": 0,
            "min_upper": 0,
            "number": true,
            "override_special": null,
            "result": "WIOssZko",
            "special": false,
            "upper": true
          },
          "private": "eyJzY2hlbWFfdmVyc2lvbiI6IjEifQ=="
        }
      ]
    },
    {
      "module": "module.backbase-eks-cluster",
      "mode": "data",
      "type": "aws_ami",
      "name": "eks_worker",
      "provider": "provider[\"registry.terraform.io/hashicorp/aws\"]",
      "instances": [
        {
          "schema_version": 0,
          "attributes": {
            "architecture": "x86_64",
            "arn": "arn:aws:ec2:eu-west-1::image/ami-04448603e258c3fb8",
            "block_device_mappings": [
              {
                "device_name": "/dev/xvda",
                "ebs": {
                  "delete_on_termination": "true",
                  "encrypted": "false",
                  "iops": "0",
                  "snapshot_id": "snap-0ed1cd7e2123c18a0",
                  "volume_size": "20",
                  "volume_type": "gp2"
                },
                "no_device": "",
                "virtual_name": ""
              }
            ],
            "creation_date": "2020-11-18T00:21:10.000Z",
            "description": "EKS Kubernetes Worker AMI with AmazonLinux2 image, (k8s: 1.18.9, docker:19.03.6ce-4.amzn2)",
            "executable_users": null,
            "filter": [
              {
                "name": "name",
                "values": [
                  "amazon-eks-node-1.18-v*"
                ]
              }
            ],
            "hypervisor": "xen",
            "id": "ami-04448603e258c3fb8",
            "image_id": "ami-04448603e258c3fb8",
            "image_location": "amazon/amazon-eks-node-1.18-v20201117",
            "image_owner_alias": "amazon",
            "image_type": "machine",
            "kernel_id": null,
            "most_recent": true,
            "name": "amazon-eks-node-1.18-v20201117",
            "name_regex": null,
            "owner_id": "602401143452",
            "owners": [
              "amazon"
            ],
            "platform": null,
            "product_codes": [],
            "public": true,
            "ramdisk_id": null,
            "root_device_name": "/dev/xvda",
            "root_device_type": "ebs",
            "root_snapshot_id": "snap-0ed1cd7e2123c18a0",
            "sriov_net_support": "simple",
            "state": "available",
            "state_reason": {
              "code": "UNSET",
              "message": "UNSET"
            },
            "tags": {},
            "virtualization_type": "hvm"
          }
        }
      ]
    },
    {
      "module": "module.backbase-eks-cluster",
      "mode": "data",
      "type": "aws_ami",
      "name": "eks_worker_windows",
      "provider": "provider[\"registry.terraform.io/hashicorp/aws\"]",
      "instances": [
        {
          "schema_version": 0,
          "attributes": {
            "architecture": "x86_64",
            "arn": "arn:aws:ec2:eu-west-1::image/ami-029fbf07102dd3730",
            "block_device_mappings": [
              {
                "device_name": "/dev/sda1",
                "ebs": {
                  "delete_on_termination": "true",
                  "encrypted": "false",
                  "iops": "0",
                  "snapshot_id": "snap-0579325a6cf3d4097",
                  "volume_size": "50",
                  "volume_type": "gp2"
                },
                "no_device": "",
                "virtual_name": ""
              },
              {
                "device_name": "xvdca",
                "ebs": {},
                "no_device": "",
                "virtual_name": "ephemeral0"
              },
              {
                "device_name": "xvdcb",
                "ebs": {},
                "no_device": "",
                "virtual_name": "ephemeral1"
              },
              {
                "device_name": "xvdcc",
                "ebs": {},
                "no_device": "",
                "virtual_name": "ephemeral2"
              },
              {
                "device_name": "xvdcd",
                "ebs": {},
                "no_device": "",
                "virtual_name": "ephemeral3"
              },
              {
                "device_name": "xvdce",
                "ebs": {},
                "no_device": "",
                "virtual_name": "ephemeral4"
              },
              {
                "device_name": "xvdcf",
                "ebs": {},
                "no_device": "",
                "virtual_name": "ephemeral5"
              },
              {
                "device_name": "xvdcg",
                "ebs": {},
                "no_device": "",
                "virtual_name": "ephemeral6"
              },
              {
                "device_name": "xvdch",
                "ebs": {},
                "no_device": "",
                "virtual_name": "ephemeral7"
              },
              {
                "device_name": "xvdci",
                "ebs": {},
                "no_device": "",
                "virtual_name": "ephemeral8"
              },
              {
                "device_name": "xvdcj",
                "ebs": {},
                "no_device": "",
                "virtual_name": "ephemeral9"
              },
              {
                "device_name": "xvdck",
                "ebs": {},
                "no_device": "",
                "virtual_name": "ephemeral10"
              },
              {
                "device_name": "xvdcl",
                "ebs": {},
                "no_device": "",
                "virtual_name": "ephemeral11"
              },
              {
                "device_name": "xvdcm",
                "ebs": {},
                "no_device": "",
                "virtual_name": "ephemeral12"
              },
              {
                "device_name": "xvdcn",
                "ebs": {},
                "no_device": "",
                "virtual_name": "ephemeral13"
              },
              {
                "device_name": "xvdco",
                "ebs": {},
                "no_device": "",
                "virtual_name": "ephemeral14"
              },
              {
                "device_name": "xvdcp",
                "ebs": {},
                "no_device": "",
                "virtual_name": "ephemeral15"
              },
              {
                "device_name": "xvdcq",
                "ebs": {},
                "no_device": "",
                "virtual_name": "ephemeral16"
              },
              {
                "device_name": "xvdcr",
                "ebs": {},
                "no_device": "",
                "virtual_name": "ephemeral17"
              },
              {
                "device_name": "xvdcs",
                "ebs": {},
                "no_device": "",
                "virtual_name": "ephemeral18"
              },
              {
                "device_name": "xvdct",
                "ebs": {},
                "no_device": "",
                "virtual_name": "ephemeral19"
              },
              {
                "device_name": "xvdcu",
                "ebs": {},
                "no_device": "",
                "virtual_name": "ephemeral20"
              },
              {
                "device_name": "xvdcv",
                "ebs": {},
                "no_device": "",
                "virtual_name": "ephemeral21"
              },
              {
                "device_name": "xvdcw",
                "ebs": {},
                "no_device": "",
                "virtual_name": "ephemeral22"
              },
              {
                "device_name": "xvdcx",
                "ebs": {},
                "no_device": "",
                "virtual_name": "ephemeral23"
              },
              {
                "device_name": "xvdcy",
                "ebs": {},
                "no_device": "",
                "virtual_name": "ephemeral24"
              },
              {
                "device_name": "xvdcz",
                "ebs": {},
                "no_device": "",
                "virtual_name": "ephemeral25"
              }
            ],
            "creation_date": "2020-11-12T22:19:46.000Z",
            "description": "Microsoft Windows Server 2019 Core optimized for EKS and provided by Amazon",
            "executable_users": null,
            "filter": [
              {
                "name": "name",
                "values": [
                  "Windows_Server-2019-English-Core-EKS_Optimized-1.18-*"
                ]
              },
              {
                "name": "platform",
                "values": [
                  "windows"
                ]
              }
            ],
            "hypervisor": "xen",
            "id": "ami-029fbf07102dd3730",
            "image_id": "ami-029fbf07102dd3730",
            "image_location": "amazon/Windows_Server-2019-English-Core-EKS_Optimized-1.18-2020.11.12",
            "image_owner_alias": "amazon",
            "image_type": "machine",
            "kernel_id": null,
            "most_recent": true,
            "name": "Windows_Server-2019-English-Core-EKS_Optimized-1.18-2020.11.12",
            "name_regex": null,
            "owner_id": "801119661308",
            "owners": [
              "amazon"
            ],
            "platform": "windows",
            "product_codes": [],
            "public": true,
            "ramdisk_id": null,
            "root_device_name": "/dev/sda1",
            "root_device_type": "ebs",
            "root_snapshot_id": "snap-0579325a6cf3d4097",
            "sriov_net_support": "simple",
            "state": "available",
            "state_reason": {
              "code": "UNSET",
              "message": "UNSET"
            },
            "tags": {},
            "virtualization_type": "hvm"
          }
        }
      ]
    },
    {
      "module": "module.backbase-eks-cluster",
      "mode": "data",
      "type": "aws_caller_identity",
      "name": "current",
      "provider": "provider[\"registry.terraform.io/hashicorp/aws\"]",
      "instances": [
        {
          "schema_version": 0,
          "attributes": {
            "account_id": "346831921596",
            "arn": "arn:aws:iam::346831921596:user/rohitvermasrt",
            "id": "346831921596",
            "user_id": "AIDAVBQGLEG6P4LQSZW66"
          }
        }
      ]
    },
    {
      "module": "module.backbase-eks-cluster",
      "mode": "data",
      "type": "aws_iam_policy_document",
      "name": "cluster_assume_role_policy",
      "provider": "provider[\"registry.terraform.io/hashicorp/aws\"]",
      "instances": [
        {
          "schema_version": 0,
          "attributes": {
            "id": "2764486067",
            "json": "{\n  \"Version\": \"2012-10-17\",\n  \"Statement\": [\n    {\n      \"Sid\": \"EKSClusterAssumeRole\",\n      \"Effect\": \"Allow\",\n      \"Action\": \"sts:AssumeRole\",\n      \"Principal\": {\n        \"Service\": \"eks.amazonaws.com\"\n      }\n    }\n  ]\n}",
            "override_json": null,
            "policy_id": null,
            "source_json": null,
            "statement": [
              {
                "actions": [
                  "sts:AssumeRole"
                ],
                "condition": [],
                "effect": "Allow",
                "not_actions": [],
                "not_principals": [],
                "not_resources": [],
                "principals": [
                  {
                    "identifiers": [
                      "eks.amazonaws.com"
                    ],
                    "type": "Service"
                  }
                ],
                "resources": [],
                "sid": "EKSClusterAssumeRole"
              }
            ],
            "version": "2012-10-17"
          }
        }
      ]
    },
    {
      "module": "module.backbase-eks-cluster",
      "mode": "data",
      "type": "aws_iam_policy_document",
      "name": "cluster_elb_sl_role_creation",
      "provider": "provider[\"registry.terraform.io/hashicorp/aws\"]",
      "instances": [
        {
          "index_key": 0,
          "schema_version": 0,
          "attributes": {
            "id": "3407219844",
            "json": "{\n  \"Version\": \"2012-10-17\",\n  \"Statement\": [\n    {\n      \"Sid\": \"\",\n      \"Effect\": \"Allow\",\n      \"Action\": [\n        \"ec2:DescribeInternetGateways\",\n        \"ec2:DescribeAccountAttributes\"\n      ],\n      \"Resource\": \"*\"\n    }\n  ]\n}",
            "override_json": null,
            "policy_id": null,
            "source_json": null,
            "statement": [
              {
                "actions": [
                  "ec2:DescribeAccountAttributes",
                  "ec2:DescribeInternetGateways"
                ],
                "condition": [],
                "effect": "Allow",
                "not_actions": [],
                "not_principals": [],
                "not_resources": [],
                "principals": [],
                "resources": [
                  "*"
                ],
                "sid": ""
              }
            ],
            "version": "2012-10-17"
          }
        }
      ]
    },
    {
      "module": "module.backbase-eks-cluster",
      "mode": "data",
      "type": "aws_iam_policy_document",
      "name": "workers_assume_role_policy",
      "provider": "provider[\"registry.terraform.io/hashicorp/aws\"]",
      "instances": [
        {
          "schema_version": 0,
          "attributes": {
            "id": "3778018924",
            "json": "{\n  \"Version\": \"2012-10-17\",\n  \"Statement\": [\n    {\n      \"Sid\": \"EKSWorkerAssumeRole\",\n      \"Effect\": \"Allow\",\n      \"Action\": \"sts:AssumeRole\",\n      \"Principal\": {\n        \"Service\": \"ec2.amazonaws.com\"\n      }\n    }\n  ]\n}",
            "override_json": null,
            "policy_id": null,
            "source_json": null,
            "statement": [
              {
                "actions": [
                  "sts:AssumeRole"
                ],
                "condition": [],
                "effect": "Allow",
                "not_actions": [],
                "not_principals": [],
                "not_resources": [],
                "principals": [
                  {
                    "identifiers": [
                      "ec2.amazonaws.com"
                    ],
                    "type": "Service"
                  }
                ],
                "resources": [],
                "sid": "EKSWorkerAssumeRole"
              }
            ],
            "version": "2012-10-17"
          }
        }
      ]
    },
    {
      "module": "module.backbase-eks-cluster",
      "mode": "data",
      "type": "aws_partition",
      "name": "current",
      "provider": "provider[\"registry.terraform.io/hashicorp/aws\"]",
      "instances": [
        {
          "schema_version": 0,
          "attributes": {
            "dns_suffix": "amazonaws.com",
            "id": "aws",
            "partition": "aws"
          }
        }
      ]
    },
    {
      "module": "module.backbase-eks-cluster",
      "mode": "data",
      "type": "template_file",
      "name": "userdata",
      "provider": "provider[\"registry.terraform.io/hashicorp/template\"]",
      "instances": [
        {
          "index_key": 0,
          "schema_version": 0,
          "attributes": {
            "filename": null,
            "id": "aaee53491c142bcc135e0cdb6359912c7c749099eff9b5d546ab5482fdf3b791",
            "rendered": "#!/bin/bash -xe\n\n# Allow user supplied pre userdata code\n\n\n# Bootstrap and join the cluster\n/etc/eks/bootstrap.sh --b64-cluster-ca 'LS0tLS1CRUdJTiBDRVJUSUZJQ0FURS0tLS0tCk1JSUN5RENDQWJDZ0F3SUJBZ0lCQURBTkJna3Foa2lHOXcwQkFRc0ZBREFWTVJNd0VRWURWUVFERXdwcmRXSmwKY201bGRHVnpNQjRYRFRJd01URXpNREEyTURjd04xb1hEVE13TVRFeU9EQTJNRGN3TjFvd0ZURVRNQkVHQTFVRQpBeE1LYTNWaVpYSnVaWFJsY3pDQ0FTSXdEUVlKS29aSWh2Y05BUUVCQlFBRGdnRVBBRENDQVFvQ2dnRUJBUEk4ClluNDBDcHMwWlFudGI2VENHa1RxNjVwYTdJKyttUm5RT0kzL2VZVmw1MGtkSHNhbll0YnIwSUVJelJGOFR4ZXQKZWtoSXlqSTlDVEMyNXF3TXhUejVvUlRTeU13OU1BUkFJa3F6ZjMyZjZ5Y0t5U3N6VFNwa3JCMTJiMy8zWW4yMAo3U0dqQUo4NFhuUms4YlBFMUtLM3RyQVl2dmJzR3FiK0tEYXlXcUhCM1hiNHMzZTJ1RXZOQ0lHYjlHdGRGTlhJCnNyT1BZQWpGYnhLdmJUdlNMa2dROWRvZ0dVTGxUT05KNXpWeTAzWEJkeFJINTF3UyswVklTaDBXN1JQNVhPQzAKV2Z2MmpGVkFMVkNXcGtRMzBBbnZuWkhrKzNlK3RNWEgxOWZ0NnJQREE5bytnYWMyMjMzbTJhRmdLaGZRUXhSSgpvYk5QaE5VczBwK0tRVTZnaWY4Q0F3RUFBYU1qTUNFd0RnWURWUjBQQVFIL0JBUURBZ0trTUE4R0ExVWRFd0VCCi93UUZNQU1CQWY4d0RRWUpLb1pJaHZjTkFRRUxCUUFEZ2dFQkFPOGE0STJoeXBBOU5uc3YyK2FoSUxaOTA2RkIKVmswK3l4b0lHbEZiUmE1K0RhcVF4MGtSMEs3bjkxVHJKRHhDK2RYWnBaZEFQWThwTFNJV0VoTzJWeEx1VUVhTApSUGQrbnNaTzcxUHg5SDhCUW01bDVYLzdHQm9YSnVVN1cwbnhLbHJrSHk5a09WeU9XTFVxY0drd0ZwUWpZNDVRCjFUbm9ZMzJ1OHluS0dTMjVqQ0RMaHhOakxxTmlKWi9xL0JUcVFnYlBYL2RCSDExVXFKQitXNXJCTnF6RERCc3QKWHYvNUtQR0V5T3F6a3AyNWtRVXhRUVRwekRMRHhXQm9HKzZCVTNWZVpRMm5SY0FxSm9vMjNmTWovbDRHZGNsSApHaXo3SGtzNFdoekM0WitrdWRFVHIrRDZ2YWZsWkpIM3JuMDlrc2FiaUo2eHdsR0E4RlA2MnZCbWd5RT0KLS0tLS1FTkQgQ0VSVElGSUNBVEUtLS0tLQo=' --apiserver-endpoint 'https://57480F6B3A9BBF84C3EA6CB7A5AE2166.gr7.eu-west-1.eks.amazonaws.com'  --kubelet-extra-args \"\" 'backbase-eks-cluster'\n\n# Allow user supplied userdata code\n\n",
            "template": "#!/bin/bash -xe\n\n# Allow user supplied pre userdata code\n${pre_userdata}\n\n# Bootstrap and join the cluster\n/etc/eks/bootstrap.sh --b64-cluster-ca '${cluster_auth_base64}' --apiserver-endpoint '${endpoint}' ${bootstrap_extra_args} --kubelet-extra-args \"${kubelet_extra_args}\" '${cluster_name}'\n\n# Allow user supplied userdata code\n${additional_userdata}\n",
            "vars": {
              "additional_userdata": "",
              "bootstrap_extra_args": "",
              "cluster_auth_base64": "LS0tLS1CRUdJTiBDRVJUSUZJQ0FURS0tLS0tCk1JSUN5RENDQWJDZ0F3SUJBZ0lCQURBTkJna3Foa2lHOXcwQkFRc0ZBREFWTVJNd0VRWURWUVFERXdwcmRXSmwKY201bGRHVnpNQjRYRFRJd01URXpNREEyTURjd04xb1hEVE13TVRFeU9EQTJNRGN3TjFvd0ZURVRNQkVHQTFVRQpBeE1LYTNWaVpYSnVaWFJsY3pDQ0FTSXdEUVlKS29aSWh2Y05BUUVCQlFBRGdnRVBBRENDQVFvQ2dnRUJBUEk4ClluNDBDcHMwWlFudGI2VENHa1RxNjVwYTdJKyttUm5RT0kzL2VZVmw1MGtkSHNhbll0YnIwSUVJelJGOFR4ZXQKZWtoSXlqSTlDVEMyNXF3TXhUejVvUlRTeU13OU1BUkFJa3F6ZjMyZjZ5Y0t5U3N6VFNwa3JCMTJiMy8zWW4yMAo3U0dqQUo4NFhuUms4YlBFMUtLM3RyQVl2dmJzR3FiK0tEYXlXcUhCM1hiNHMzZTJ1RXZOQ0lHYjlHdGRGTlhJCnNyT1BZQWpGYnhLdmJUdlNMa2dROWRvZ0dVTGxUT05KNXpWeTAzWEJkeFJINTF3UyswVklTaDBXN1JQNVhPQzAKV2Z2MmpGVkFMVkNXcGtRMzBBbnZuWkhrKzNlK3RNWEgxOWZ0NnJQREE5bytnYWMyMjMzbTJhRmdLaGZRUXhSSgpvYk5QaE5VczBwK0tRVTZnaWY4Q0F3RUFBYU1qTUNFd0RnWURWUjBQQVFIL0JBUURBZ0trTUE4R0ExVWRFd0VCCi93UUZNQU1CQWY4d0RRWUpLb1pJaHZjTkFRRUxCUUFEZ2dFQkFPOGE0STJoeXBBOU5uc3YyK2FoSUxaOTA2RkIKVmswK3l4b0lHbEZiUmE1K0RhcVF4MGtSMEs3bjkxVHJKRHhDK2RYWnBaZEFQWThwTFNJV0VoTzJWeEx1VUVhTApSUGQrbnNaTzcxUHg5SDhCUW01bDVYLzdHQm9YSnVVN1cwbnhLbHJrSHk5a09WeU9XTFVxY0drd0ZwUWpZNDVRCjFUbm9ZMzJ1OHluS0dTMjVqQ0RMaHhOakxxTmlKWi9xL0JUcVFnYlBYL2RCSDExVXFKQitXNXJCTnF6RERCc3QKWHYvNUtQR0V5T3F6a3AyNWtRVXhRUVRwekRMRHhXQm9HKzZCVTNWZVpRMm5SY0FxSm9vMjNmTWovbDRHZGNsSApHaXo3SGtzNFdoekM0WitrdWRFVHIrRDZ2YWZsWkpIM3JuMDlrc2FiaUo2eHdsR0E4RlA2MnZCbWd5RT0KLS0tLS1FTkQgQ0VSVElGSUNBVEUtLS0tLQo=",
              "cluster_name": "backbase-eks-cluster",
              "endpoint": "https://57480F6B3A9BBF84C3EA6CB7A5AE2166.gr7.eu-west-1.eks.amazonaws.com",
              "kubelet_extra_args": "",
              "platform": "linux",
              "pre_userdata": ""
            }
          }
        }
      ]
    },
    {
      "module": "module.backbase-eks-cluster",
      "mode": "managed",
      "type": "aws_autoscaling_group",
      "name": "workers",
      "provider": "provider[\"registry.terraform.io/hashicorp/aws\"]",
      "instances": [
        {
          "index_key": 0,
          "schema_version": 0,
          "attributes": {
            "arn": "arn:aws:autoscaling:eu-west-1:346831921596:autoScalingGroup:7e3223b0-d39e-448b-a070-6a8f8f9345df:autoScalingGroupName/backbase-eks-cluster-020201130061146541700000014",
            "availability_zones": [
              "eu-west-1a",
              "eu-west-1b",
              "eu-west-1c"
            ],
            "capacity_rebalance": false,
            "default_cooldown": 300,
            "desired_capacity": 1,
            "enabled_metrics": null,
            "force_delete": false,
            "health_check_grace_period": 300,
            "health_check_type": "EC2",
            "id": "backbase-eks-cluster-020201130061146541700000014",
            "initial_lifecycle_hook": [],
            "launch_configuration": "backbase-eks-cluster-020201130061138561500000013",
            "launch_template": [],
            "load_balancers": null,
            "max_instance_lifetime": 0,
            "max_size": 3,
            "metrics_granularity": "1Minute",
            "min_elb_capacity": null,
            "min_size": 1,
            "mixed_instances_policy": [],
            "name": "backbase-eks-cluster-020201130061146541700000014",
            "name_prefix": "backbase-eks-cluster-0",
            "placement_group": "",
            "protect_from_scale_in": false,
            "service_linked_role_arn": "arn:aws:iam::346831921596:role/aws-service-role/autoscaling.amazonaws.com/AWSServiceRoleForAutoScaling",
            "suspended_processes": [
              "AZRebalance"
            ],
            "tag": [
              {
                "key": "Name",
                "propagate_at_launch": true,
                "value": "backbase-eks-cluster-0-eks_asg"
              },
              {
                "key": "k8s.io/cluster/backbase-eks-cluster",
                "propagate_at_launch": true,
                "value": "owned"
              },
              {
                "key": "kubernetes.io/cluster/backbase-eks-cluster",
                "propagate_at_launch": true,
                "value": "owned"
              }
            ],
            "tags": null,
            "target_group_arns": null,
            "termination_policies": [],
            "timeouts": null,
            "vpc_zone_identifier": [
              "subnet-00ed78cf405e115fe",
              "subnet-0497a067b9f6aa0cd",
              "subnet-0b93fb84568382200"
            ],
            "wait_for_capacity_timeout": "10m",
            "wait_for_elb_capacity": null
          },
          "private": "eyJlMmJmYjczMC1lY2FhLTExZTYtOGY4OC0zNDM2M2JjN2M0YzAiOnsiZGVsZXRlIjo2MDAwMDAwMDAwMDB9fQ==",
          "dependencies": [
            "aws_security_group.all_worker_mgmt",
            "aws_security_group.worker_group_mgmt_one",
            "data.aws_availability_zones.available",
            "module.backbase-eks-cluster.aws_cloudwatch_log_group.this",
            "module.backbase-eks-cluster.aws_eks_cluster.this",
            "module.backbase-eks-cluster.aws_iam_instance_profile.workers",
            "module.backbase-eks-cluster.aws_iam_role.cluster",
            "module.backbase-eks-cluster.aws_iam_role.workers",
            "module.backbase-eks-cluster.aws_iam_role_policy_attachment.cluster_AmazonEKSClusterPolicy",
            "module.backbase-eks-cluster.aws_iam_role_policy_attachment.cluster_AmazonEKSServicePolicy",
            "module.backbase-eks-cluster.aws_iam_role_policy_attachment.cluster_AmazonEKSVPCResourceControllerPolicy",
            "module.backbase-eks-cluster.aws_iam_role_policy_attachment.workers_AmazonEC2ContainerRegistryReadOnly",
            "module.backbase-eks-cluster.aws_iam_role_policy_attachment.workers_AmazonEKSWorkerNodePolicy",
            "module.backbase-eks-cluster.aws_iam_role_policy_attachment.workers_AmazonEKS_CNI_Policy",
            "module.backbase-eks-cluster.aws_iam_role_policy_attachment.workers_additional_policies",
            "module.backbase-eks-cluster.aws_launch_configuration.workers",
            "module.backbase-eks-cluster.aws_security_group.cluster",
            "module.backbase-eks-cluster.aws_security_group.workers",
            "module.backbase-eks-cluster.aws_security_group_rule.cluster_egress_internet",
            "module.backbase-eks-cluster.aws_security_group_rule.cluster_https_worker_ingress",
            "module.backbase-eks-cluster.aws_security_group_rule.cluster_primary_ingress_workers",
            "module.backbase-eks-cluster.aws_security_group_rule.workers_egress_internet",
            "module.backbase-eks-cluster.aws_security_group_rule.workers_ingress_cluster",
            "module.backbase-eks-cluster.aws_security_group_rule.workers_ingress_cluster_https",
            "module.backbase-eks-cluster.aws_security_group_rule.workers_ingress_cluster_kubelet",
            "module.backbase-eks-cluster.aws_security_group_rule.workers_ingress_cluster_primary",
            "module.backbase-eks-cluster.aws_security_group_rule.workers_ingress_self",
            "module.backbase-eks-cluster.data.aws_ami.eks_worker",
            "module.backbase-eks-cluster.data.aws_ami.eks_worker_windows",
            "module.backbase-eks-cluster.data.aws_iam_instance_profile.custom_worker_group_iam_instance_profile",
            "module.backbase-eks-cluster.data.aws_iam_policy_document.cluster_assume_role_policy",
            "module.backbase-eks-cluster.data.aws_iam_policy_document.workers_assume_role_policy",
            "module.backbase-eks-cluster.data.aws_iam_role.custom_cluster_iam_role",
            "module.backbase-eks-cluster.data.aws_partition.current",
            "module.backbase-eks-cluster.data.template_file.userdata",
            "module.backbase-eks-cluster.random_pet.workers",
            "module.vpc.aws_subnet.public",
            "module.vpc.aws_vpc.this",
            "module.vpc.aws_vpc_ipv4_cidr_block_association.this"
          ],
          "create_before_destroy": true
        }
      ]
    },
    {
      "module": "module.backbase-eks-cluster",
      "mode": "managed",
      "type": "aws_eks_cluster",
      "name": "this",
      "provider": "provider[\"registry.terraform.io/hashicorp/aws\"]",
      "instances": [
        {
          "index_key": 0,
          "schema_version": 0,
          "attributes": {
            "arn": "arn:aws:eks:eu-west-1:346831921596:cluster/backbase-eks-cluster",
            "certificate_authority": [
              {
                "data": "LS0tLS1CRUdJTiBDRVJUSUZJQ0FURS0tLS0tCk1JSUN5RENDQWJDZ0F3SUJBZ0lCQURBTkJna3Foa2lHOXcwQkFRc0ZBREFWTVJNd0VRWURWUVFERXdwcmRXSmwKY201bGRHVnpNQjRYRFRJd01URXpNREEyTURjd04xb1hEVE13TVRFeU9EQTJNRGN3TjFvd0ZURVRNQkVHQTFVRQpBeE1LYTNWaVpYSnVaWFJsY3pDQ0FTSXdEUVlKS29aSWh2Y05BUUVCQlFBRGdnRVBBRENDQVFvQ2dnRUJBUEk4ClluNDBDcHMwWlFudGI2VENHa1RxNjVwYTdJKyttUm5RT0kzL2VZVmw1MGtkSHNhbll0YnIwSUVJelJGOFR4ZXQKZWtoSXlqSTlDVEMyNXF3TXhUejVvUlRTeU13OU1BUkFJa3F6ZjMyZjZ5Y0t5U3N6VFNwa3JCMTJiMy8zWW4yMAo3U0dqQUo4NFhuUms4YlBFMUtLM3RyQVl2dmJzR3FiK0tEYXlXcUhCM1hiNHMzZTJ1RXZOQ0lHYjlHdGRGTlhJCnNyT1BZQWpGYnhLdmJUdlNMa2dROWRvZ0dVTGxUT05KNXpWeTAzWEJkeFJINTF3UyswVklTaDBXN1JQNVhPQzAKV2Z2MmpGVkFMVkNXcGtRMzBBbnZuWkhrKzNlK3RNWEgxOWZ0NnJQREE5bytnYWMyMjMzbTJhRmdLaGZRUXhSSgpvYk5QaE5VczBwK0tRVTZnaWY4Q0F3RUFBYU1qTUNFd0RnWURWUjBQQVFIL0JBUURBZ0trTUE4R0ExVWRFd0VCCi93UUZNQU1CQWY4d0RRWUpLb1pJaHZjTkFRRUxCUUFEZ2dFQkFPOGE0STJoeXBBOU5uc3YyK2FoSUxaOTA2RkIKVmswK3l4b0lHbEZiUmE1K0RhcVF4MGtSMEs3bjkxVHJKRHhDK2RYWnBaZEFQWThwTFNJV0VoTzJWeEx1VUVhTApSUGQrbnNaTzcxUHg5SDhCUW01bDVYLzdHQm9YSnVVN1cwbnhLbHJrSHk5a09WeU9XTFVxY0drd0ZwUWpZNDVRCjFUbm9ZMzJ1OHluS0dTMjVqQ0RMaHhOakxxTmlKWi9xL0JUcVFnYlBYL2RCSDExVXFKQitXNXJCTnF6RERCc3QKWHYvNUtQR0V5T3F6a3AyNWtRVXhRUVRwekRMRHhXQm9HKzZCVTNWZVpRMm5SY0FxSm9vMjNmTWovbDRHZGNsSApHaXo3SGtzNFdoekM0WitrdWRFVHIrRDZ2YWZsWkpIM3JuMDlrc2FiaUo2eHdsR0E4RlA2MnZCbWd5RT0KLS0tLS1FTkQgQ0VSVElGSUNBVEUtLS0tLQo="
              }
            ],
            "created_at": "2020-11-30 05:59:17.337 +0000 UTC",
            "enabled_cluster_log_types": null,
            "encryption_config": [],
            "endpoint": "https://57480F6B3A9BBF84C3EA6CB7A5AE2166.gr7.eu-west-1.eks.amazonaws.com",
            "id": "backbase-eks-cluster",
            "identity": [
              {
                "oidc": [
                  {
                    "issuer": "https://oidc.eks.eu-west-1.amazonaws.com/id/57480F6B3A9BBF84C3EA6CB7A5AE2166"
                  }
                ]
              }
            ],
            "name": "backbase-eks-cluster",
            "platform_version": "eks.3",
            "role_arn": "arn:aws:iam::346831921596:role/backbase-eks-cluster20201130055912956400000001",
            "status": "ACTIVE",
            "tags": null,
            "timeouts": {
              "create": "30m",
              "delete": "15m",
              "update": null
            },
            "version": "1.18",
            "vpc_config": [
              {
                "cluster_security_group_id": "sg-0f84a64e06a074db4",
                "endpoint_private_access": false,
                "endpoint_public_access": true,
                "public_access_cidrs": [
                  "0.0.0.0/0"
                ],
                "security_group_ids": [
                  "sg-0a82bff4bc8a3c2b2"
                ],
                "subnet_ids": [
                  "subnet-00ed78cf405e115fe",
                  "subnet-0497a067b9f6aa0cd",
                  "subnet-0b93fb84568382200"
                ],
                "vpc_id": "vpc-02991cf5c94deb34e"
              }
            ]
          },
          "private": "eyJlMmJmYjczMC1lY2FhLTExZTYtOGY4OC0zNDM2M2JjN2M0YzAiOnsiY3JlYXRlIjoxODAwMDAwMDAwMDAwLCJkZWxldGUiOjkwMDAwMDAwMDAwMCwidXBkYXRlIjozNjAwMDAwMDAwMDAwfX0=",
          "dependencies": [
            "data.aws_availability_zones.available",
            "module.backbase-eks-cluster.aws_cloudwatch_log_group.this",
            "module.backbase-eks-cluster.aws_iam_role.cluster",
            "module.backbase-eks-cluster.aws_iam_role_policy_attachment.cluster_AmazonEKSClusterPolicy",
            "module.backbase-eks-cluster.aws_iam_role_policy_attachment.cluster_AmazonEKSServicePolicy",
            "module.backbase-eks-cluster.aws_iam_role_policy_attachment.cluster_AmazonEKSVPCResourceControllerPolicy",
            "module.backbase-eks-cluster.aws_security_group.cluster",
            "module.backbase-eks-cluster.aws_security_group.workers",
            "module.backbase-eks-cluster.aws_security_group_rule.cluster_egress_internet",
            "module.backbase-eks-cluster.aws_security_group_rule.cluster_https_worker_ingress",
            "module.backbase-eks-cluster.data.aws_iam_policy_document.cluster_assume_role_policy",
            "module.backbase-eks-cluster.data.aws_iam_role.custom_cluster_iam_role",
            "module.backbase-eks-cluster.data.aws_partition.current",
            "module.vpc.aws_subnet.public",
            "module.vpc.aws_vpc.this",
            "module.vpc.aws_vpc_ipv4_cidr_block_association.this"
          ],
          "create_before_destroy": true
        }
      ]
    },
    {
      "module": "module.backbase-eks-cluster",
      "mode": "managed",
      "type": "aws_iam_instance_profile",
      "name": "workers",
      "provider": "provider[\"registry.terraform.io/hashicorp/aws\"]",
      "instances": [
        {
          "index_key": 0,
          "schema_version": 0,
          "attributes": {
            "arn": "arn:aws:iam::346831921596:instance-profile/backbase-eks-cluster2020113006113743450000000f",
            "create_date": "2020-11-30T06:11:37Z",
            "id": "backbase-eks-cluster2020113006113743450000000f",
            "name": "backbase-eks-cluster2020113006113743450000000f",
            "name_prefix": "backbase-eks-cluster",
            "path": "/",
            "role": "backbase-eks-cluster2020113006113670670000000e",
            "unique_id": "AIPAVBQGLEG6GTHV6SDDY"
          },
          "private": "bnVsbA==",
          "dependencies": [
            "aws_security_group.worker_group_mgmt_one",
            "data.aws_availability_zones.available",
            "module.backbase-eks-cluster.aws_cloudwatch_log_group.this",
            "module.backbase-eks-cluster.aws_eks_cluster.this",
            "module.backbase-eks-cluster.aws_iam_role.cluster",
            "module.backbase-eks-cluster.aws_iam_role.workers",
            "module.backbase-eks-cluster.aws_iam_role_policy_attachment.cluster_AmazonEKSClusterPolicy",
            "module.backbase-eks-cluster.aws_iam_role_policy_attachment.cluster_AmazonEKSServicePolicy",
            "module.backbase-eks-cluster.aws_iam_role_policy_attachment.cluster_AmazonEKSVPCResourceControllerPolicy",
            "module.backbase-eks-cluster.aws_security_group.cluster",
            "module.backbase-eks-cluster.aws_security_group.workers",
            "module.backbase-eks-cluster.aws_security_group_rule.cluster_egress_internet",
            "module.backbase-eks-cluster.aws_security_group_rule.cluster_https_worker_ingress",
            "module.backbase-eks-cluster.data.aws_iam_policy_document.cluster_assume_role_policy",
            "module.backbase-eks-cluster.data.aws_iam_policy_document.workers_assume_role_policy",
            "module.backbase-eks-cluster.data.aws_iam_role.custom_cluster_iam_role",
            "module.backbase-eks-cluster.data.aws_partition.current",
            "module.vpc.aws_subnet.public",
            "module.vpc.aws_vpc.this",
            "module.vpc.aws_vpc_ipv4_cidr_block_association.this"
          ],
          "create_before_destroy": true
        }
      ]
    },
    {
      "module": "module.backbase-eks-cluster",
      "mode": "managed",
      "type": "aws_iam_policy",
      "name": "cluster_elb_sl_role_creation",
      "provider": "provider[\"registry.terraform.io/hashicorp/aws\"]",
      "instances": [
        {
          "index_key": 0,
          "schema_version": 0,
          "attributes": {
            "arn": "arn:aws:iam::346831921596:policy/backbase-eks-cluster-elb-sl-role-creation20201130055912959500000002",
            "description": "Permissions for EKS to create AWSServiceRoleForElasticLoadBalancing service-linked role",
            "id": "arn:aws:iam::346831921596:policy/backbase-eks-cluster-elb-sl-role-creation20201130055912959500000002",
            "name": "backbase-eks-cluster-elb-sl-role-creation20201130055912959500000002",
            "name_prefix": "backbase-eks-cluster-elb-sl-role-creation",
            "path": "/",
            "policy": "{\n  \"Version\": \"2012-10-17\",\n  \"Statement\": [\n    {\n      \"Sid\": \"\",\n      \"Effect\": \"Allow\",\n      \"Action\": [\n        \"ec2:DescribeInternetGateways\",\n        \"ec2:DescribeAccountAttributes\"\n      ],\n      \"Resource\": \"*\"\n    }\n  ]\n}"
          },
          "private": "bnVsbA==",
          "dependencies": [
            "module.backbase-eks-cluster.data.aws_iam_policy_document.cluster_elb_sl_role_creation"
          ]
        }
      ]
    },
    {
      "module": "module.backbase-eks-cluster",
      "mode": "managed",
      "type": "aws_iam_role",
      "name": "cluster",
      "provider": "provider[\"registry.terraform.io/hashicorp/aws\"]",
      "instances": [
        {
          "index_key": 0,
          "schema_version": 0,
          "attributes": {
            "arn": "arn:aws:iam::346831921596:role/backbase-eks-cluster20201130055912956400000001",
            "assume_role_policy": "{\"Version\":\"2012-10-17\",\"Statement\":[{\"Sid\":\"EKSClusterAssumeRole\",\"Effect\":\"Allow\",\"Principal\":{\"Service\":\"eks.amazonaws.com\"},\"Action\":\"sts:AssumeRole\"}]}",
            "create_date": "2020-11-30T05:59:13Z",
            "description": "",
            "force_detach_policies": true,
            "id": "backbase-eks-cluster20201130055912956400000001",
            "max_session_duration": 3600,
            "name": "backbase-eks-cluster20201130055912956400000001",
            "name_prefix": "backbase-eks-cluster",
            "path": "/",
            "permissions_boundary": null,
            "tags": null,
            "unique_id": "AROAVBQGLEG6MA4IVMQW3"
          },
          "private": "bnVsbA==",
          "dependencies": [
            "module.backbase-eks-cluster.data.aws_iam_policy_document.cluster_assume_role_policy"
          ],
          "create_before_destroy": true
        }
      ]
    },
    {
      "module": "module.backbase-eks-cluster",
      "mode": "managed",
      "type": "aws_iam_role",
      "name": "workers",
      "provider": "provider[\"registry.terraform.io/hashicorp/aws\"]",
      "instances": [
        {
          "index_key": 0,
          "schema_version": 0,
          "attributes": {
            "arn": "arn:aws:iam::346831921596:role/backbase-eks-cluster2020113006113670670000000e",
            "assume_role_policy": "{\"Version\":\"2012-10-17\",\"Statement\":[{\"Sid\":\"EKSWorkerAssumeRole\",\"Effect\":\"Allow\",\"Principal\":{\"Service\":\"ec2.amazonaws.com\"},\"Action\":\"sts:AssumeRole\"}]}",
            "create_date": "2020-11-30T06:11:36Z",
            "description": "",
            "force_detach_policies": true,
            "id": "backbase-eks-cluster2020113006113670670000000e",
            "max_session_duration": 3600,
            "name": "backbase-eks-cluster2020113006113670670000000e",
            "name_prefix": "backbase-eks-cluster",
            "path": "/",
            "permissions_boundary": null,
            "tags": null,
            "unique_id": "AROAVBQGLEG6LPJFRI5V5"
          },
          "private": "bnVsbA==",
          "dependencies": [
            "data.aws_availability_zones.available",
            "module.backbase-eks-cluster.aws_cloudwatch_log_group.this",
            "module.backbase-eks-cluster.aws_eks_cluster.this",
            "module.backbase-eks-cluster.aws_iam_role.cluster",
            "module.backbase-eks-cluster.aws_iam_role_policy_attachment.cluster_AmazonEKSClusterPolicy",
            "module.backbase-eks-cluster.aws_iam_role_policy_attachment.cluster_AmazonEKSServicePolicy",
            "module.backbase-eks-cluster.aws_iam_role_policy_attachment.cluster_AmazonEKSVPCResourceControllerPolicy",
            "module.backbase-eks-cluster.aws_security_group.cluster",
            "module.backbase-eks-cluster.aws_security_group.workers",
            "module.backbase-eks-cluster.aws_security_group_rule.cluster_egress_internet",
            "module.backbase-eks-cluster.aws_security_group_rule.cluster_https_worker_ingress",
            "module.backbase-eks-cluster.data.aws_iam_policy_document.cluster_assume_role_policy",
            "module.backbase-eks-cluster.data.aws_iam_policy_document.workers_assume_role_policy",
            "module.backbase-eks-cluster.data.aws_iam_role.custom_cluster_iam_role",
            "module.backbase-eks-cluster.data.aws_partition.current",
            "module.vpc.aws_subnet.public",
            "module.vpc.aws_vpc.this",
            "module.vpc.aws_vpc_ipv4_cidr_block_association.this"
          ],
          "create_before_destroy": true
        }
      ]
    },
    {
      "module": "module.backbase-eks-cluster",
      "mode": "managed",
      "type": "aws_iam_role_policy_attachment",
      "name": "cluster_AmazonEKSClusterPolicy",
      "provider": "provider[\"registry.terraform.io/hashicorp/aws\"]",
      "instances": [
        {
          "index_key": 0,
          "schema_version": 0,
          "attributes": {
            "id": "backbase-eks-cluster20201130055912956400000001-2020113005591404810000000a",
            "policy_arn": "arn:aws:iam::aws:policy/AmazonEKSClusterPolicy",
            "role": "backbase-eks-cluster20201130055912956400000001"
          },
          "private": "bnVsbA==",
          "dependencies": [
            "module.backbase-eks-cluster.aws_iam_role.cluster",
            "module.backbase-eks-cluster.data.aws_iam_policy_document.cluster_assume_role_policy",
            "module.backbase-eks-cluster.data.aws_partition.current"
          ],
          "create_before_destroy": true
        }
      ]
    },
    {
      "module": "module.backbase-eks-cluster",
      "mode": "managed",
      "type": "aws_iam_role_policy_attachment",
      "name": "cluster_AmazonEKSServicePolicy",
      "provider": "provider[\"registry.terraform.io/hashicorp/aws\"]",
      "instances": [
        {
          "index_key": 0,
          "schema_version": 0,
          "attributes": {
            "id": "backbase-eks-cluster20201130055912956400000001-20201130055913973100000005",
            "policy_arn": "arn:aws:iam::aws:policy/AmazonEKSServicePolicy",
            "role": "backbase-eks-cluster20201130055912956400000001"
          },
          "private": "bnVsbA==",
          "dependencies": [
            "module.backbase-eks-cluster.aws_iam_role.cluster",
            "module.backbase-eks-cluster.data.aws_iam_policy_document.cluster_assume_role_policy",
            "module.backbase-eks-cluster.data.aws_partition.current"
          ],
          "create_before_destroy": true
        }
      ]
    },
    {
      "module": "module.backbase-eks-cluster",
      "mode": "managed",
      "type": "aws_iam_role_policy_attachment",
      "name": "cluster_AmazonEKSVPCResourceControllerPolicy",
      "provider": "provider[\"registry.terraform.io/hashicorp/aws\"]",
      "instances": [
        {
          "index_key": 0,
          "schema_version": 0,
          "attributes": {
            "id": "backbase-eks-cluster20201130055912956400000001-20201130055913979900000006",
            "policy_arn": "arn:aws:iam::aws:policy/AmazonEKSVPCResourceController",
            "role": "backbase-eks-cluster20201130055912956400000001"
          },
          "private": "bnVsbA==",
          "dependencies": [
            "module.backbase-eks-cluster.aws_iam_role.cluster",
            "module.backbase-eks-cluster.data.aws_iam_policy_document.cluster_assume_role_policy",
            "module.backbase-eks-cluster.data.aws_partition.current"
          ],
          "create_before_destroy": true
        }
      ]
    },
    {
      "module": "module.backbase-eks-cluster",
      "mode": "managed",
      "type": "aws_iam_role_policy_attachment",
      "name": "cluster_elb_sl_role_creation",
      "provider": "provider[\"registry.terraform.io/hashicorp/aws\"]",
      "instances": [
        {
          "index_key": 0,
          "schema_version": 0,
          "attributes": {
            "id": "backbase-eks-cluster20201130055912956400000001-2020113005591437470000000b",
            "policy_arn": "arn:aws:iam::346831921596:policy/backbase-eks-cluster-elb-sl-role-creation20201130055912959500000002",
            "role": "backbase-eks-cluster20201130055912956400000001"
          },
          "private": "bnVsbA==",
          "dependencies": [
            "module.backbase-eks-cluster.aws_iam_policy.cluster_elb_sl_role_creation",
            "module.backbase-eks-cluster.aws_iam_role.cluster",
            "module.backbase-eks-cluster.data.aws_iam_policy_document.cluster_assume_role_policy",
            "module.backbase-eks-cluster.data.aws_iam_policy_document.cluster_elb_sl_role_creation"
          ]
        }
      ]
    },
    {
      "module": "module.backbase-eks-cluster",
      "mode": "managed",
      "type": "aws_iam_role_policy_attachment",
      "name": "workers_AmazonEC2ContainerRegistryReadOnly",
      "provider": "provider[\"registry.terraform.io/hashicorp/aws\"]",
      "instances": [
        {
          "index_key": 0,
          "schema_version": 0,
          "attributes": {
            "id": "backbase-eks-cluster2020113006113670670000000e-20201130061137783000000010",
            "policy_arn": "arn:aws:iam::aws:policy/AmazonEC2ContainerRegistryReadOnly",
            "role": "backbase-eks-cluster2020113006113670670000000e"
          },
          "private": "bnVsbA==",
          "dependencies": [
            "data.aws_availability_zones.available",
            "module.backbase-eks-cluster.aws_cloudwatch_log_group.this",
            "module.backbase-eks-cluster.aws_eks_cluster.this",
            "module.backbase-eks-cluster.aws_iam_role.cluster",
            "module.backbase-eks-cluster.aws_iam_role.workers",
            "module.backbase-eks-cluster.aws_iam_role_policy_attachment.cluster_AmazonEKSClusterPolicy",
            "module.backbase-eks-cluster.aws_iam_role_policy_attachment.cluster_AmazonEKSServicePolicy",
            "module.backbase-eks-cluster.aws_iam_role_policy_attachment.cluster_AmazonEKSVPCResourceControllerPolicy",
            "module.backbase-eks-cluster.aws_security_group.cluster",
            "module.backbase-eks-cluster.aws_security_group.workers",
            "module.backbase-eks-cluster.aws_security_group_rule.cluster_egress_internet",
            "module.backbase-eks-cluster.aws_security_group_rule.cluster_https_worker_ingress",
            "module.backbase-eks-cluster.data.aws_iam_policy_document.cluster_assume_role_policy",
            "module.backbase-eks-cluster.data.aws_iam_policy_document.workers_assume_role_policy",
            "module.backbase-eks-cluster.data.aws_iam_role.custom_cluster_iam_role",
            "module.backbase-eks-cluster.data.aws_partition.current",
            "module.vpc.aws_subnet.public",
            "module.vpc.aws_vpc.this",
            "module.vpc.aws_vpc_ipv4_cidr_block_association.this"
          ],
          "create_before_destroy": true
        }
      ]
    },
    {
      "module": "module.backbase-eks-cluster",
      "mode": "managed",
      "type": "aws_iam_role_policy_attachment",
      "name": "workers_AmazonEKSWorkerNodePolicy",
      "provider": "provider[\"registry.terraform.io/hashicorp/aws\"]",
      "instances": [
        {
          "index_key": 0,
          "schema_version": 0,
          "attributes": {
            "id": "backbase-eks-cluster2020113006113670670000000e-20201130061137783400000011",
            "policy_arn": "arn:aws:iam::aws:policy/AmazonEKSWorkerNodePolicy",
            "role": "backbase-eks-cluster2020113006113670670000000e"
          },
          "private": "bnVsbA==",
          "dependencies": [
            "data.aws_availability_zones.available",
            "module.backbase-eks-cluster.aws_cloudwatch_log_group.this",
            "module.backbase-eks-cluster.aws_eks_cluster.this",
            "module.backbase-eks-cluster.aws_iam_role.cluster",
            "module.backbase-eks-cluster.aws_iam_role.workers",
            "module.backbase-eks-cluster.aws_iam_role_policy_attachment.cluster_AmazonEKSClusterPolicy",
            "module.backbase-eks-cluster.aws_iam_role_policy_attachment.cluster_AmazonEKSServicePolicy",
            "module.backbase-eks-cluster.aws_iam_role_policy_attachment.cluster_AmazonEKSVPCResourceControllerPolicy",
            "module.backbase-eks-cluster.aws_security_group.cluster",
            "module.backbase-eks-cluster.aws_security_group.workers",
            "module.backbase-eks-cluster.aws_security_group_rule.cluster_egress_internet",
            "module.backbase-eks-cluster.aws_security_group_rule.cluster_https_worker_ingress",
            "module.backbase-eks-cluster.data.aws_iam_policy_document.cluster_assume_role_policy",
            "module.backbase-eks-cluster.data.aws_iam_policy_document.workers_assume_role_policy",
            "module.backbase-eks-cluster.data.aws_iam_role.custom_cluster_iam_role",
            "module.backbase-eks-cluster.data.aws_partition.current",
            "module.vpc.aws_subnet.public",
            "module.vpc.aws_vpc.this",
            "module.vpc.aws_vpc_ipv4_cidr_block_association.this"
          ],
          "create_before_destroy": true
        }
      ]
    },
    {
      "module": "module.backbase-eks-cluster",
      "mode": "managed",
      "type": "aws_iam_role_policy_attachment",
      "name": "workers_AmazonEKS_CNI_Policy",
      "provider": "provider[\"registry.terraform.io/hashicorp/aws\"]",
      "instances": [
        {
          "index_key": 0,
          "schema_version": 0,
          "attributes": {
            "id": "backbase-eks-cluster2020113006113670670000000e-20201130061137800100000012",
            "policy_arn": "arn:aws:iam::aws:policy/AmazonEKS_CNI_Policy",
            "role": "backbase-eks-cluster2020113006113670670000000e"
          },
          "private": "bnVsbA==",
          "dependencies": [
            "data.aws_availability_zones.available",
            "module.backbase-eks-cluster.aws_cloudwatch_log_group.this",
            "module.backbase-eks-cluster.aws_eks_cluster.this",
            "module.backbase-eks-cluster.aws_iam_role.cluster",
            "module.backbase-eks-cluster.aws_iam_role.workers",
            "module.backbase-eks-cluster.aws_iam_role_policy_attachment.cluster_AmazonEKSClusterPolicy",
            "module.backbase-eks-cluster.aws_iam_role_policy_attachment.cluster_AmazonEKSServicePolicy",
            "module.backbase-eks-cluster.aws_iam_role_policy_attachment.cluster_AmazonEKSVPCResourceControllerPolicy",
            "module.backbase-eks-cluster.aws_security_group.cluster",
            "module.backbase-eks-cluster.aws_security_group.workers",
            "module.backbase-eks-cluster.aws_security_group_rule.cluster_egress_internet",
            "module.backbase-eks-cluster.aws_security_group_rule.cluster_https_worker_ingress",
            "module.backbase-eks-cluster.data.aws_iam_policy_document.cluster_assume_role_policy",
            "module.backbase-eks-cluster.data.aws_iam_policy_document.workers_assume_role_policy",
            "module.backbase-eks-cluster.data.aws_iam_role.custom_cluster_iam_role",
            "module.backbase-eks-cluster.data.aws_partition.current",
            "module.vpc.aws_subnet.public",
            "module.vpc.aws_vpc.this",
            "module.vpc.aws_vpc_ipv4_cidr_block_association.this"
          ],
          "create_before_destroy": true
        }
      ]
    },
    {
      "module": "module.backbase-eks-cluster",
      "mode": "managed",
      "type": "aws_launch_configuration",
      "name": "workers",
      "provider": "provider[\"registry.terraform.io/hashicorp/aws\"]",
      "instances": [
        {
          "index_key": 0,
          "schema_version": 0,
          "attributes": {
            "arn": "arn:aws:autoscaling:eu-west-1:346831921596:launchConfiguration:6f266c97-0c34-48bd-bf3c-0e6b23ffa175:launchConfigurationName/backbase-eks-cluster-020201130061138561500000013",
            "associate_public_ip_address": false,
            "ebs_block_device": [],
            "ebs_optimized": true,
            "enable_monitoring": true,
            "ephemeral_block_device": [],
            "iam_instance_profile": "backbase-eks-cluster2020113006113743450000000f",
            "id": "backbase-eks-cluster-020201130061138561500000013",
            "image_id": "ami-04448603e258c3fb8",
            "instance_type": "t3.small",
            "key_name": "",
            "name": "backbase-eks-cluster-020201130061138561500000013",
            "name_prefix": "backbase-eks-cluster-0",
            "placement_tenancy": "",
            "root_block_device": [
              {
                "delete_on_termination": true,
                "encrypted": false,
                "iops": 0,
                "volume_size": 100,
                "volume_type": "gp2"
              }
            ],
            "security_groups": [
              "sg-0375b67f0f6a748ff",
              "sg-095c545ace7a1882c",
              "sg-098ae6c42f7a7e6b8"
            ],
            "spot_price": "",
            "user_data": null,
            "user_data_base64": "IyEvYmluL2Jhc2ggLXhlCgojIEFsbG93IHVzZXIgc3VwcGxpZWQgcHJlIHVzZXJkYXRhIGNvZGUKCgojIEJvb3RzdHJhcCBhbmQgam9pbiB0aGUgY2x1c3RlcgovZXRjL2Vrcy9ib290c3RyYXAuc2ggLS1iNjQtY2x1c3Rlci1jYSAnTFMwdExTMUNSVWRKVGlCRFJWSlVTVVpKUTBGVVJTMHRMUzB0Q2sxSlNVTjVSRU5EUVdKRFowRjNTVUpCWjBsQ1FVUkJUa0puYTNGb2EybEhPWGN3UWtGUmMwWkJSRUZXVFZKTmQwVlJXVVJXVVZGRVJYZHdjbVJYU213S1kyMDFiR1JIVm5wTlFqUllSRlJKZDAxVVJYcE5SRUV5VFVSamQwNHhiMWhFVkUxM1RWUkZlVTlFUVRKTlJHTjNUakZ2ZDBaVVJWUk5Ra1ZIUVRGVlJRcEJlRTFMWVROV2FWcFlTblZhV0ZKc1kzcERRMEZUU1hkRVVWbEtTMjlhU1doMlkwNUJVVVZDUWxGQlJHZG5SVkJCUkVORFFWRnZRMmRuUlVKQlVFazRDbGx1TkRCRGNITXdXbEZ1ZEdJMlZFTkhhMVJ4TmpWd1lUZEpLeXR0VW01UlQwa3pMMlZaVm13MU1HdGtTSE5oYmxsMFluSXdTVVZKZWxKR09GUjRaWFFLWld0b1NYbHFTVGxEVkVNeU5YRjNUWGhVZWpWdlVsUlRlVTEzT1UxQlVrRkphM0Y2WmpNeVpqWjVZMHQ1VTNONlZGTndhM0pDTVRKaU15OHpXVzR5TUFvM1UwZHFRVW80TkZodVVtczRZbEJGTVV0TE0zUnlRVmwyZG1KelIzRmlLMHRFWVhsWGNVaENNMWhpTkhNelpUSjFSWFpPUTBsSFlqbEhkR1JHVGxoSkNuTnlUMUJaUVdwR1luaExkbUpVZGxOTWEyZFJPV1J2WjBkVlRHeFVUMDVLTlhwV2VUQXpXRUprZUZKSU5URjNVeXN3VmtsVGFEQlhOMUpRTlZoUFF6QUtWMloyTW1wR1ZrRk1Wa05YY0d0Uk16QkJiblp1V2tockt6TmxLM1JOV0VneE9XWjBObkpRUkVFNWJ5dG5ZV015TWpNemJUSmhSbWRMYUdaUlVYaFNTZ3B2WWs1UWFFNVZjekJ3SzB0UlZUWm5hV1k0UTBGM1JVRkJZVTFxVFVORmQwUm5XVVJXVWpCUVFWRklMMEpCVVVSQlowdHJUVUU0UjBFeFZXUkZkMFZDQ2k5M1VVWk5RVTFDUVdZNGQwUlJXVXBMYjFwSmFIWmpUa0ZSUlV4Q1VVRkVaMmRGUWtGUE9HRTBTVEpvZVhCQk9VNXVjM1l5SzJGb1NVeGFPVEEyUmtJS1Ztc3dLM2w0YjBsSGJFWmlVbUUxSzBSaGNWRjRNR3RTTUVzM2Jqa3hWSEpLUkhoREsyUllXbkJhWkVGUVdUaHdURk5KVjBWb1R6SldlRXgxVlVWaFRBcFNVR1FyYm5OYVR6Y3hVSGc1U0RoQ1VXMDFiRFZZTHpkSFFtOVlTblZWTjFjd2JuaExiSEpyU0hrNWEwOVdlVTlYVEZWeFkwZHJkMFp3VVdwWk5EVlJDakZVYm05Wk16SjFPSGx1UzBkVE1qVnFRMFJNYUhoT2FreHhUbWxLV2k5eEwwSlVjVkZuWWxCWUwyUkNTREV4VlhGS1FpdFhOWEpDVG5GNlJFUkNjM1FLV0hZdk5VdFFSMFY1VDNGNmEzQXlOV3RSVlhoUlVWUndla1JNUkhoWFFtOUhLelpDVlROV1pWcFJNbTVTWTBGeFNtOXZNak5tVFdvdmJEUkhaR05zU0FwSGFYbzNTR3R6TkZkb2VrTTBXaXRyZFdSRlZISXJSRFoyWVdac1drcElNM0p1TURscmMyRmlhVW8yZUhkc1IwRTRSbEEyTW5aQ2JXZDVSVDBLTFMwdExTMUZUa1FnUTBWU1ZFbEdTVU5CVkVVdExTMHRMUW89JyAtLWFwaXNlcnZlci1lbmRwb2ludCAnaHR0cHM6Ly81NzQ4MEY2QjNBOUJCRjg0QzNFQTZDQjdBNUFFMjE2Ni5ncjcuZXUtd2VzdC0xLmVrcy5hbWF6b25hd3MuY29tJyAgLS1rdWJlbGV0LWV4dHJhLWFyZ3MgIiIgJ2JhY2tiYXNlLWVrcy1jbHVzdGVyJwoKIyBBbGxvdyB1c2VyIHN1cHBsaWVkIHVzZXJkYXRhIGNvZGUKCg==",
            "vpc_classic_link_id": "",
            "vpc_classic_link_security_groups": null
          },
          "private": "bnVsbA==",
          "dependencies": [
            "aws_security_group.all_worker_mgmt",
            "aws_security_group.worker_group_mgmt_one",
            "data.aws_availability_zones.available",
            "module.backbase-eks-cluster.aws_cloudwatch_log_group.this",
            "module.backbase-eks-cluster.aws_eks_cluster.this",
            "module.backbase-eks-cluster.aws_iam_instance_profile.workers",
            "module.backbase-eks-cluster.aws_iam_role.cluster",
            "module.backbase-eks-cluster.aws_iam_role.workers",
            "module.backbase-eks-cluster.aws_iam_role_policy_attachment.cluster_AmazonEKSClusterPolicy",
            "module.backbase-eks-cluster.aws_iam_role_policy_attachment.cluster_AmazonEKSServicePolicy",
            "module.backbase-eks-cluster.aws_iam_role_policy_attachment.cluster_AmazonEKSVPCResourceControllerPolicy",
            "module.backbase-eks-cluster.aws_iam_role_policy_attachment.workers_AmazonEC2ContainerRegistryReadOnly",
            "module.backbase-eks-cluster.aws_iam_role_policy_attachment.workers_AmazonEKSWorkerNodePolicy",
            "module.backbase-eks-cluster.aws_iam_role_policy_attachment.workers_AmazonEKS_CNI_Policy",
            "module.backbase-eks-cluster.aws_iam_role_policy_attachment.workers_additional_policies",
            "module.backbase-eks-cluster.aws_security_group.cluster",
            "module.backbase-eks-cluster.aws_security_group.workers",
            "module.backbase-eks-cluster.aws_security_group_rule.cluster_egress_internet",
            "module.backbase-eks-cluster.aws_security_group_rule.cluster_https_worker_ingress",
            "module.backbase-eks-cluster.aws_security_group_rule.cluster_primary_ingress_workers",
            "module.backbase-eks-cluster.aws_security_group_rule.workers_egress_internet",
            "module.backbase-eks-cluster.aws_security_group_rule.workers_ingress_cluster",
            "module.backbase-eks-cluster.aws_security_group_rule.workers_ingress_cluster_https",
            "module.backbase-eks-cluster.aws_security_group_rule.workers_ingress_cluster_kubelet",
            "module.backbase-eks-cluster.aws_security_group_rule.workers_ingress_cluster_primary",
            "module.backbase-eks-cluster.aws_security_group_rule.workers_ingress_self",
            "module.backbase-eks-cluster.data.aws_ami.eks_worker",
            "module.backbase-eks-cluster.data.aws_ami.eks_worker_windows",
            "module.backbase-eks-cluster.data.aws_iam_instance_profile.custom_worker_group_iam_instance_profile",
            "module.backbase-eks-cluster.data.aws_iam_policy_document.cluster_assume_role_policy",
            "module.backbase-eks-cluster.data.aws_iam_policy_document.workers_assume_role_policy",
            "module.backbase-eks-cluster.data.aws_iam_role.custom_cluster_iam_role",
            "module.backbase-eks-cluster.data.aws_partition.current",
            "module.backbase-eks-cluster.data.template_file.userdata",
            "module.vpc.aws_subnet.public",
            "module.vpc.aws_vpc.this",
            "module.vpc.aws_vpc_ipv4_cidr_block_association.this"
          ],
          "create_before_destroy": true
        }
      ]
    },
    {
      "module": "module.backbase-eks-cluster",
      "mode": "managed",
      "type": "aws_security_group",
      "name": "cluster",
      "provider": "provider[\"registry.terraform.io/hashicorp/aws\"]",
      "instances": [
        {
          "index_key": 0,
          "schema_version": 1,
          "attributes": {
            "arn": "arn:aws:ec2:eu-west-1:346831921596:security-group/sg-0a82bff4bc8a3c2b2",
            "description": "EKS cluster security group.",
            "egress": [],
            "id": "sg-0a82bff4bc8a3c2b2",
            "ingress": [],
            "name": "backbase-eks-cluster2020113005591487070000000d",
            "name_prefix": "backbase-eks-cluster",
            "owner_id": "346831921596",
            "revoke_rules_on_delete": false,
            "tags": {
              "Name": "backbase-eks-cluster-eks_cluster_sg"
            },
            "timeouts": null,
            "vpc_id": "vpc-02991cf5c94deb34e"
          },
          "private": "eyJlMmJmYjczMC1lY2FhLTExZTYtOGY4OC0zNDM2M2JjN2M0YzAiOnsiY3JlYXRlIjo2MDAwMDAwMDAwMDAsImRlbGV0ZSI6NjAwMDAwMDAwMDAwfSwic2NoZW1hX3ZlcnNpb24iOiIxIn0=",
          "dependencies": [
            "module.vpc.aws_vpc.this"
          ],
          "create_before_destroy": true
        }
      ]
    },
    {
      "module": "module.backbase-eks-cluster",
      "mode": "managed",
      "type": "aws_security_group",
      "name": "workers",
      "provider": "provider[\"registry.terraform.io/hashicorp/aws\"]",
      "instances": [
        {
          "index_key": 0,
          "schema_version": 1,
          "attributes": {
            "arn": "arn:aws:ec2:eu-west-1:346831921596:security-group/sg-098ae6c42f7a7e6b8",
            "description": "Security group for all nodes in the cluster.",
            "egress": [],
            "id": "sg-098ae6c42f7a7e6b8",
            "ingress": [],
            "name": "backbase-eks-cluster2020113005591486350000000c",
            "name_prefix": "backbase-eks-cluster",
            "owner_id": "346831921596",
            "revoke_rules_on_delete": false,
            "tags": {
              "Name": "backbase-eks-cluster-eks_worker_sg",
              "kubernetes.io/cluster/backbase-eks-cluster": "owned"
            },
            "timeouts": null,
            "vpc_id": "vpc-02991cf5c94deb34e"
          },
          "private": "eyJlMmJmYjczMC1lY2FhLTExZTYtOGY4OC0zNDM2M2JjN2M0YzAiOnsiY3JlYXRlIjo2MDAwMDAwMDAwMDAsImRlbGV0ZSI6NjAwMDAwMDAwMDAwfSwic2NoZW1hX3ZlcnNpb24iOiIxIn0=",
          "dependencies": [
            "module.vpc.aws_vpc.this"
          ],
          "create_before_destroy": true
        }
      ]
    },
    {
      "module": "module.backbase-eks-cluster",
      "mode": "managed",
      "type": "aws_security_group_rule",
      "name": "cluster_egress_internet",
      "provider": "provider[\"registry.terraform.io/hashicorp/aws\"]",
      "instances": [
        {
          "index_key": 0,
          "schema_version": 2,
          "attributes": {
            "cidr_blocks": [
              "0.0.0.0/0"
            ],
            "description": "Allow cluster egress access to the Internet.",
            "from_port": 0,
            "id": "sgrule-1461085539",
            "ipv6_cidr_blocks": null,
            "prefix_list_ids": null,
            "protocol": "-1",
            "security_group_id": "sg-0a82bff4bc8a3c2b2",
            "self": false,
            "source_security_group_id": null,
            "to_port": 0,
            "type": "egress"
          },
          "private": "eyJzY2hlbWFfdmVyc2lvbiI6IjIifQ==",
          "dependencies": [
            "module.backbase-eks-cluster.aws_security_group.cluster",
            "module.vpc.aws_vpc.this"
          ],
          "create_before_destroy": true
        }
      ]
    },
    {
      "module": "module.backbase-eks-cluster",
      "mode": "managed",
      "type": "aws_security_group_rule",
      "name": "cluster_https_worker_ingress",
      "provider": "provider[\"registry.terraform.io/hashicorp/aws\"]",
      "instances": [
        {
          "index_key": 0,
          "schema_version": 2,
          "attributes": {
            "cidr_blocks": null,
            "description": "Allow pods to communicate with the EKS cluster API.",
            "from_port": 443,
            "id": "sgrule-1637685362",
            "ipv6_cidr_blocks": null,
            "prefix_list_ids": null,
            "protocol": "tcp",
            "security_group_id": "sg-0a82bff4bc8a3c2b2",
            "self": false,
            "source_security_group_id": "sg-098ae6c42f7a7e6b8",
            "to_port": 443,
            "type": "ingress"
          },
          "private": "eyJzY2hlbWFfdmVyc2lvbiI6IjIifQ==",
          "dependencies": [
            "module.backbase-eks-cluster.aws_security_group.cluster",
            "module.backbase-eks-cluster.aws_security_group.workers",
            "module.vpc.aws_vpc.this"
          ],
          "create_before_destroy": true
        }
      ]
    },
    {
      "module": "module.backbase-eks-cluster",
      "mode": "managed",
      "type": "aws_security_group_rule",
      "name": "workers_egress_internet",
      "provider": "provider[\"registry.terraform.io/hashicorp/aws\"]",
      "instances": [
        {
          "index_key": 0,
          "schema_version": 2,
          "attributes": {
            "cidr_blocks": [
              "0.0.0.0/0"
            ],
            "description": "Allow nodes all egress to the Internet.",
            "from_port": 0,
            "id": "sgrule-132105586",
            "ipv6_cidr_blocks": null,
            "prefix_list_ids": null,
            "protocol": "-1",
            "security_group_id": "sg-098ae6c42f7a7e6b8",
            "self": false,
            "source_security_group_id": null,
            "to_port": 0,
            "type": "egress"
          },
          "private": "eyJzY2hlbWFfdmVyc2lvbiI6IjIifQ==",
          "dependencies": [
            "module.backbase-eks-cluster.aws_security_group.workers",
            "module.vpc.aws_vpc.this"
          ],
          "create_before_destroy": true
        }
      ]
    },
    {
      "module": "module.backbase-eks-cluster",
      "mode": "managed",
      "type": "aws_security_group_rule",
      "name": "workers_ingress_cluster",
      "provider": "provider[\"registry.terraform.io/hashicorp/aws\"]",
      "instances": [
        {
          "index_key": 0,
          "schema_version": 2,
          "attributes": {
            "cidr_blocks": null,
            "description": "Allow workers pods to receive communication from the cluster control plane.",
            "from_port": 1025,
            "id": "sgrule-3191050372",
            "ipv6_cidr_blocks": null,
            "prefix_list_ids": null,
            "protocol": "tcp",
            "security_group_id": "sg-098ae6c42f7a7e6b8",
            "self": false,
            "source_security_group_id": "sg-0a82bff4bc8a3c2b2",
            "to_port": 65535,
            "type": "ingress"
          },
          "private": "eyJzY2hlbWFfdmVyc2lvbiI6IjIifQ==",
          "dependencies": [
            "module.backbase-eks-cluster.aws_security_group.cluster",
            "module.backbase-eks-cluster.aws_security_group.workers",
            "module.vpc.aws_vpc.this"
          ],
          "create_before_destroy": true
        }
      ]
    },
    {
      "module": "module.backbase-eks-cluster",
      "mode": "managed",
      "type": "aws_security_group_rule",
      "name": "workers_ingress_cluster_https",
      "provider": "provider[\"registry.terraform.io/hashicorp/aws\"]",
      "instances": [
        {
          "index_key": 0,
          "schema_version": 2,
          "attributes": {
            "cidr_blocks": null,
            "description": "Allow pods running extension API servers on port 443 to receive communication from cluster control plane.",
            "from_port": 443,
            "id": "sgrule-3659718843",
            "ipv6_cidr_blocks": null,
            "prefix_list_ids": null,
            "protocol": "tcp",
            "security_group_id": "sg-098ae6c42f7a7e6b8",
            "self": false,
            "source_security_group_id": "sg-0a82bff4bc8a3c2b2",
            "to_port": 443,
            "type": "ingress"
          },
          "private": "eyJzY2hlbWFfdmVyc2lvbiI6IjIifQ==",
          "dependencies": [
            "module.backbase-eks-cluster.aws_security_group.cluster",
            "module.backbase-eks-cluster.aws_security_group.workers",
            "module.vpc.aws_vpc.this"
          ],
          "create_before_destroy": true
        }
      ]
    },
    {
      "module": "module.backbase-eks-cluster",
      "mode": "managed",
      "type": "aws_security_group_rule",
      "name": "workers_ingress_self",
      "provider": "provider[\"registry.terraform.io/hashicorp/aws\"]",
      "instances": [
        {
          "index_key": 0,
          "schema_version": 2,
          "attributes": {
            "cidr_blocks": null,
            "description": "Allow node to communicate with each other.",
            "from_port": 0,
            "id": "sgrule-66511442",
            "ipv6_cidr_blocks": null,
            "prefix_list_ids": null,
            "protocol": "-1",
            "security_group_id": "sg-098ae6c42f7a7e6b8",
            "self": false,
            "source_security_group_id": "sg-098ae6c42f7a7e6b8",
            "to_port": 65535,
            "type": "ingress"
          },
          "private": "eyJzY2hlbWFfdmVyc2lvbiI6IjIifQ==",
          "dependencies": [
            "module.backbase-eks-cluster.aws_security_group.workers",
            "module.vpc.aws_vpc.this"
          ],
          "create_before_destroy": true
        }
      ]
    },
    {
      "module": "module.backbase-eks-cluster",
      "mode": "managed",
      "type": "kubernetes_config_map",
      "name": "aws_auth",
      "provider": "provider[\"registry.terraform.io/hashicorp/kubernetes\"]",
      "instances": [
        {
          "index_key": 0,
          "schema_version": 0,
          "attributes": {
            "binary_data": null,
            "data": {
              "mapAccounts": "[]\n",
              "mapRoles": "- \"groups\":\n  - \"system:bootstrappers\"\n  - \"system:nodes\"\n  \"rolearn\": \"arn:aws:iam::346831921596:role/backbase-eks-cluster2020113006113670670000000e\"\n  \"username\": \"system:node:{{EC2PrivateDNSName}}\"\n",
              "mapUsers": "[]\n"
            },
            "id": "kube-system/aws-auth",
            "metadata": [
              {
                "annotations": null,
                "generate_name": "",
                "generation": 0,
                "labels": {
                  "app.kubernetes.io/managed-by": "Terraform",
                  "terraform.io/module": "terraform-aws-modules.eks.aws"
                },
                "name": "aws-auth",
                "namespace": "kube-system",
                "resource_version": "1287",
                "self_link": "/api/v1/namespaces/kube-system/configmaps/aws-auth",
                "uid": "94818d07-6994-4fea-b1e5-22070c1b06d3"
              }
            ]
          },
          "private": "bnVsbA==",
          "dependencies": [
            "aws_security_group.worker_group_mgmt_one",
            "data.aws_availability_zones.available",
            "data.aws_eks_cluster.cluster",
            "data.aws_eks_cluster_auth.cluster",
            "module.backbase-eks-cluster.aws_cloudwatch_log_group.this",
            "module.backbase-eks-cluster.aws_eks_cluster.this",
            "module.backbase-eks-cluster.aws_iam_instance_profile.workers",
            "module.backbase-eks-cluster.aws_iam_instance_profile.workers_launch_template",
            "module.backbase-eks-cluster.aws_iam_role.cluster",
            "module.backbase-eks-cluster.aws_iam_role.workers",
            "module.backbase-eks-cluster.aws_iam_role_policy_attachment.cluster_AmazonEKSClusterPolicy",
            "module.backbase-eks-cluster.aws_iam_role_policy_attachment.cluster_AmazonEKSServicePolicy",
            "module.backbase-eks-cluster.aws_iam_role_policy_attachment.cluster_AmazonEKSVPCResourceControllerPolicy",
            "module.backbase-eks-cluster.aws_security_group.cluster",
            "module.backbase-eks-cluster.aws_security_group.workers",
            "module.backbase-eks-cluster.aws_security_group_rule.cluster_egress_internet",
            "module.backbase-eks-cluster.aws_security_group_rule.cluster_https_worker_ingress",
            "module.backbase-eks-cluster.aws_security_group_rule.cluster_private_access",
            "module.backbase-eks-cluster.data.aws_ami.eks_worker",
            "module.backbase-eks-cluster.data.aws_caller_identity.current",
            "module.backbase-eks-cluster.data.aws_iam_instance_profile.custom_worker_group_iam_instance_profile",
            "module.backbase-eks-cluster.data.aws_iam_instance_profile.custom_worker_group_launch_template_iam_instance_profile",
            "module.backbase-eks-cluster.data.aws_iam_policy_document.cluster_assume_role_policy",
            "module.backbase-eks-cluster.data.aws_iam_policy_document.workers_assume_role_policy",
            "module.backbase-eks-cluster.data.aws_iam_role.custom_cluster_iam_role",
            "module.backbase-eks-cluster.data.aws_partition.current",
            "module.backbase-eks-cluster.module.fargate.aws_iam_role.eks_fargate_pod",
            "module.backbase-eks-cluster.module.fargate.data.aws_iam_role.custom_fargate_iam_role",
            "module.backbase-eks-cluster.null_resource.wait_for_cluster",
            "module.vpc.aws_subnet.public",
            "module.vpc.aws_vpc.this",
            "module.vpc.aws_vpc_ipv4_cidr_block_association.this"
          ]
        }
      ]
    },
    {
      "module": "module.backbase-eks-cluster",
      "mode": "managed",
      "type": "local_file",
      "name": "kubeconfig",
      "provider": "provider[\"registry.terraform.io/hashicorp/local\"]",
      "instances": [
        {
          "index_key": 0,
          "schema_version": 0,
          "attributes": {
            "content": "apiVersion: v1\npreferences: {}\nkind: Config\n\nclusters:\n- cluster:\n    server: https://57480F6B3A9BBF84C3EA6CB7A5AE2166.gr7.eu-west-1.eks.amazonaws.com\n    certificate-authority-data: LS0tLS1CRUdJTiBDRVJUSUZJQ0FURS0tLS0tCk1JSUN5RENDQWJDZ0F3SUJBZ0lCQURBTkJna3Foa2lHOXcwQkFRc0ZBREFWTVJNd0VRWURWUVFERXdwcmRXSmwKY201bGRHVnpNQjRYRFRJd01URXpNREEyTURjd04xb1hEVE13TVRFeU9EQTJNRGN3TjFvd0ZURVRNQkVHQTFVRQpBeE1LYTNWaVpYSnVaWFJsY3pDQ0FTSXdEUVlKS29aSWh2Y05BUUVCQlFBRGdnRVBBRENDQVFvQ2dnRUJBUEk4ClluNDBDcHMwWlFudGI2VENHa1RxNjVwYTdJKyttUm5RT0kzL2VZVmw1MGtkSHNhbll0YnIwSUVJelJGOFR4ZXQKZWtoSXlqSTlDVEMyNXF3TXhUejVvUlRTeU13OU1BUkFJa3F6ZjMyZjZ5Y0t5U3N6VFNwa3JCMTJiMy8zWW4yMAo3U0dqQUo4NFhuUms4YlBFMUtLM3RyQVl2dmJzR3FiK0tEYXlXcUhCM1hiNHMzZTJ1RXZOQ0lHYjlHdGRGTlhJCnNyT1BZQWpGYnhLdmJUdlNMa2dROWRvZ0dVTGxUT05KNXpWeTAzWEJkeFJINTF3UyswVklTaDBXN1JQNVhPQzAKV2Z2MmpGVkFMVkNXcGtRMzBBbnZuWkhrKzNlK3RNWEgxOWZ0NnJQREE5bytnYWMyMjMzbTJhRmdLaGZRUXhSSgpvYk5QaE5VczBwK0tRVTZnaWY4Q0F3RUFBYU1qTUNFd0RnWURWUjBQQVFIL0JBUURBZ0trTUE4R0ExVWRFd0VCCi93UUZNQU1CQWY4d0RRWUpLb1pJaHZjTkFRRUxCUUFEZ2dFQkFPOGE0STJoeXBBOU5uc3YyK2FoSUxaOTA2RkIKVmswK3l4b0lHbEZiUmE1K0RhcVF4MGtSMEs3bjkxVHJKRHhDK2RYWnBaZEFQWThwTFNJV0VoTzJWeEx1VUVhTApSUGQrbnNaTzcxUHg5SDhCUW01bDVYLzdHQm9YSnVVN1cwbnhLbHJrSHk5a09WeU9XTFVxY0drd0ZwUWpZNDVRCjFUbm9ZMzJ1OHluS0dTMjVqQ0RMaHhOakxxTmlKWi9xL0JUcVFnYlBYL2RCSDExVXFKQitXNXJCTnF6RERCc3QKWHYvNUtQR0V5T3F6a3AyNWtRVXhRUVRwekRMRHhXQm9HKzZCVTNWZVpRMm5SY0FxSm9vMjNmTWovbDRHZGNsSApHaXo3SGtzNFdoekM0WitrdWRFVHIrRDZ2YWZsWkpIM3JuMDlrc2FiaUo2eHdsR0E4RlA2MnZCbWd5RT0KLS0tLS1FTkQgQ0VSVElGSUNBVEUtLS0tLQo=\n  name: eks_backbase-eks-cluster\n\ncontexts:\n- context:\n    cluster: eks_backbase-eks-cluster\n    user: eks_backbase-eks-cluster\n  name: eks_backbase-eks-cluster\n\ncurrent-context: eks_backbase-eks-cluster\n\nusers:\n- name: eks_backbase-eks-cluster\n  user:\n    exec:\n      apiVersion: client.authentication.k8s.io/v1alpha1\n      command: aws-iam-authenticator\n      args:\n        - \"token\"\n        - \"-i\"\n        - \"backbase-eks-cluster\"\n",
            "content_base64": null,
            "directory_permission": "0755",
            "file_permission": "0644",
            "filename": "./kubeconfig_backbase-eks-cluster",
            "id": "22b27f07a03515c81bdce474cbdcdee25e9dc62c",
            "sensitive_content": null,
            "source": null
          },
          "private": "bnVsbA==",
          "dependencies": [
            "data.aws_availability_zones.available",
            "module.backbase-eks-cluster.aws_cloudwatch_log_group.this",
            "module.backbase-eks-cluster.aws_eks_cluster.this",
            "module.backbase-eks-cluster.aws_iam_role.cluster",
            "module.backbase-eks-cluster.aws_iam_role_policy_attachment.cluster_AmazonEKSClusterPolicy",
            "module.backbase-eks-cluster.aws_iam_role_policy_attachment.cluster_AmazonEKSServicePolicy",
            "module.backbase-eks-cluster.aws_iam_role_policy_attachment.cluster_AmazonEKSVPCResourceControllerPolicy",
            "module.backbase-eks-cluster.aws_security_group.cluster",
            "module.backbase-eks-cluster.aws_security_group.workers",
            "module.backbase-eks-cluster.aws_security_group_rule.cluster_egress_internet",
            "module.backbase-eks-cluster.aws_security_group_rule.cluster_https_worker_ingress",
            "module.backbase-eks-cluster.data.aws_iam_policy_document.cluster_assume_role_policy",
            "module.backbase-eks-cluster.data.aws_iam_role.custom_cluster_iam_role",
            "module.backbase-eks-cluster.data.aws_partition.current",
            "module.vpc.aws_subnet.public",
            "module.vpc.aws_vpc.this",
            "module.vpc.aws_vpc_ipv4_cidr_block_association.this"
          ]
        }
      ]
    },
    {
      "module": "module.backbase-eks-cluster",
      "mode": "managed",
      "type": "null_resource",
      "name": "wait_for_cluster",
      "provider": "provider[\"registry.terraform.io/hashicorp/null\"]",
      "instances": [
        {
          "index_key": 0,
          "schema_version": 0,
          "attributes": {
            "id": "8302624057724030545",
            "triggers": null
          },
          "private": "bnVsbA==",
          "dependencies": [
            "data.aws_availability_zones.available",
            "module.backbase-eks-cluster.aws_cloudwatch_log_group.this",
            "module.backbase-eks-cluster.aws_eks_cluster.this",
            "module.backbase-eks-cluster.aws_iam_role.cluster",
            "module.backbase-eks-cluster.aws_iam_role_policy_attachment.cluster_AmazonEKSClusterPolicy",
            "module.backbase-eks-cluster.aws_iam_role_policy_attachment.cluster_AmazonEKSServicePolicy",
            "module.backbase-eks-cluster.aws_iam_role_policy_attachment.cluster_AmazonEKSVPCResourceControllerPolicy",
            "module.backbase-eks-cluster.aws_security_group.cluster",
            "module.backbase-eks-cluster.aws_security_group.workers",
            "module.backbase-eks-cluster.aws_security_group_rule.cluster_egress_internet",
            "module.backbase-eks-cluster.aws_security_group_rule.cluster_https_worker_ingress",
            "module.backbase-eks-cluster.aws_security_group_rule.cluster_private_access",
            "module.backbase-eks-cluster.data.aws_iam_policy_document.cluster_assume_role_policy",
            "module.backbase-eks-cluster.data.aws_iam_role.custom_cluster_iam_role",
            "module.backbase-eks-cluster.data.aws_partition.current",
            "module.vpc.aws_subnet.public",
            "module.vpc.aws_vpc.this",
            "module.vpc.aws_vpc_ipv4_cidr_block_association.this"
          ]
        }
      ]
    },
    {
      "module": "module.backbase-eks-cluster",
      "mode": "managed",
      "type": "random_pet",
      "name": "workers",
      "provider": "provider[\"registry.terraform.io/hashicorp/random\"]",
      "instances": [
        {
          "index_key": 0,
          "schema_version": 0,
          "attributes": {
            "id": "vital-dingo",
            "keepers": {
              "lc_name": "backbase-eks-cluster-020201130061138561500000013"
            },
            "length": 2,
            "prefix": null,
            "separator": "-"
          },
          "private": "bnVsbA==",
          "dependencies": [
            "aws_security_group.all_worker_mgmt",
            "aws_security_group.worker_group_mgmt_one",
            "data.aws_availability_zones.available",
            "module.backbase-eks-cluster.aws_cloudwatch_log_group.this",
            "module.backbase-eks-cluster.aws_eks_cluster.this",
            "module.backbase-eks-cluster.aws_iam_instance_profile.workers",
            "module.backbase-eks-cluster.aws_iam_role.cluster",
            "module.backbase-eks-cluster.aws_iam_role.workers",
            "module.backbase-eks-cluster.aws_iam_role_policy_attachment.cluster_AmazonEKSClusterPolicy",
            "module.backbase-eks-cluster.aws_iam_role_policy_attachment.cluster_AmazonEKSServicePolicy",
            "module.backbase-eks-cluster.aws_iam_role_policy_attachment.cluster_AmazonEKSVPCResourceControllerPolicy",
            "module.backbase-eks-cluster.aws_iam_role_policy_attachment.workers_AmazonEC2ContainerRegistryReadOnly",
            "module.backbase-eks-cluster.aws_iam_role_policy_attachment.workers_AmazonEKSWorkerNodePolicy",
            "module.backbase-eks-cluster.aws_iam_role_policy_attachment.workers_AmazonEKS_CNI_Policy",
            "module.backbase-eks-cluster.aws_iam_role_policy_attachment.workers_additional_policies",
            "module.backbase-eks-cluster.aws_launch_configuration.workers",
            "module.backbase-eks-cluster.aws_security_group.cluster",
            "module.backbase-eks-cluster.aws_security_group.workers",
            "module.backbase-eks-cluster.aws_security_group_rule.cluster_egress_internet",
            "module.backbase-eks-cluster.aws_security_group_rule.cluster_https_worker_ingress",
            "module.backbase-eks-cluster.aws_security_group_rule.cluster_primary_ingress_workers",
            "module.backbase-eks-cluster.aws_security_group_rule.workers_egress_internet",
            "module.backbase-eks-cluster.aws_security_group_rule.workers_ingress_cluster",
            "module.backbase-eks-cluster.aws_security_group_rule.workers_ingress_cluster_https",
            "module.backbase-eks-cluster.aws_security_group_rule.workers_ingress_cluster_kubelet",
            "module.backbase-eks-cluster.aws_security_group_rule.workers_ingress_cluster_primary",
            "module.backbase-eks-cluster.aws_security_group_rule.workers_ingress_self",
            "module.backbase-eks-cluster.data.aws_ami.eks_worker",
            "module.backbase-eks-cluster.data.aws_ami.eks_worker_windows",
            "module.backbase-eks-cluster.data.aws_iam_instance_profile.custom_worker_group_iam_instance_profile",
            "module.backbase-eks-cluster.data.aws_iam_policy_document.cluster_assume_role_policy",
            "module.backbase-eks-cluster.data.aws_iam_policy_document.workers_assume_role_policy",
            "module.backbase-eks-cluster.data.aws_iam_role.custom_cluster_iam_role",
            "module.backbase-eks-cluster.data.aws_partition.current",
            "module.backbase-eks-cluster.data.template_file.userdata",
            "module.vpc.aws_subnet.public",
            "module.vpc.aws_vpc.this",
            "module.vpc.aws_vpc_ipv4_cidr_block_association.this"
          ],
          "create_before_destroy": true
        }
      ]
    },
    {
      "module": "module.vpc",
      "mode": "managed",
      "type": "aws_eip",
      "name": "nat",
      "provider": "provider[\"registry.terraform.io/hashicorp/aws\"]",
      "instances": [
        {
          "index_key": 0,
          "schema_version": 0,
          "attributes": {
            "allocation_id": null,
            "associate_with_private_ip": null,
            "association_id": "",
            "customer_owned_ip": "",
            "customer_owned_ipv4_pool": "",
            "domain": "vpc",
            "id": "eipalloc-03f920e009f61a764",
            "instance": "",
            "network_border_group": "eu-west-1",
            "network_interface": "",
            "private_dns": null,
            "private_ip": "",
            "public_dns": "ec2-52-31-22-109.eu-west-1.compute.amazonaws.com",
            "public_ip": "52.31.22.109",
            "public_ipv4_pool": "amazon",
            "tags": {
              "Name": "backbase-vpc-eu-west-1a",
              "kubernetes.io/cluster/first-sample-eks": "shared"
            },
            "timeouts": null,
            "vpc": true
          },
          "private": "eyJlMmJmYjczMC1lY2FhLTExZTYtOGY4OC0zNDM2M2JjN2M0YzAiOnsiZGVsZXRlIjoxODAwMDAwMDAwMDAsInJlYWQiOjkwMDAwMDAwMDAwMCwidXBkYXRlIjozMDAwMDAwMDAwMDB9fQ==",
          "dependencies": [
            "data.aws_availability_zones.available"
          ]
        }
      ]
    },
    {
      "module": "module.vpc",
      "mode": "managed",
      "type": "aws_internet_gateway",
      "name": "this",
      "provider": "provider[\"registry.terraform.io/hashicorp/aws\"]",
      "instances": [
        {
          "index_key": 0,
          "schema_version": 0,
          "attributes": {
            "arn": "arn:aws:ec2:eu-west-1:346831921596:internet-gateway/igw-08e60146fca571c39",
            "id": "igw-08e60146fca571c39",
            "owner_id": "346831921596",
            "tags": {
              "Name": "backbase-vpc",
              "kubernetes.io/cluster/first-sample-eks": "shared"
            },
            "vpc_id": "vpc-02991cf5c94deb34e"
          },
          "private": "bnVsbA==",
          "dependencies": [
            "module.vpc.aws_vpc.this",
            "module.vpc.aws_vpc_ipv4_cidr_block_association.this"
          ]
        }
      ]
    },
    {
      "module": "module.vpc",
      "mode": "managed",
      "type": "aws_nat_gateway",
      "name": "this",
      "provider": "provider[\"registry.terraform.io/hashicorp/aws\"]",
      "instances": [
        {
          "index_key": 0,
          "schema_version": 0,
          "attributes": {
            "allocation_id": "eipalloc-03f920e009f61a764",
            "id": "nat-00fa6cf39966a95f0",
            "network_interface_id": "eni-0ecd5f0f2d3505246",
            "private_ip": "192.168.6.225",
            "public_ip": "52.31.22.109",
            "subnet_id": "subnet-00ed78cf405e115fe",
            "tags": {
              "Name": "backbase-vpc-eu-west-1a",
              "kubernetes.io/cluster/first-sample-eks": "shared"
            }
          },
          "private": "bnVsbA==",
          "dependencies": [
            "data.aws_availability_zones.available",
            "module.vpc.aws_eip.nat",
            "module.vpc.aws_internet_gateway.this",
            "module.vpc.aws_subnet.public",
            "module.vpc.aws_vpc.this",
            "module.vpc.aws_vpc_ipv4_cidr_block_association.this"
          ]
        }
      ]
    },
    {
      "module": "module.vpc",
      "mode": "managed",
      "type": "aws_route",
      "name": "private_nat_gateway",
      "provider": "provider[\"registry.terraform.io/hashicorp/aws\"]",
      "instances": [
        {
          "index_key": 0,
          "schema_version": 0,
          "attributes": {
            "destination_cidr_block": "0.0.0.0/0",
            "destination_ipv6_cidr_block": "",
            "destination_prefix_list_id": "",
            "egress_only_gateway_id": "",
            "gateway_id": "",
            "id": "r-rtb-0c1ae74d1076a67521080289494",
            "instance_id": "",
            "instance_owner_id": "",
            "local_gateway_id": "",
            "nat_gateway_id": "nat-00fa6cf39966a95f0",
            "network_interface_id": "",
            "origin": "CreateRoute",
            "route_table_id": "rtb-0c1ae74d1076a6752",
            "state": "active",
            "timeouts": {
              "create": "5m",
              "delete": null
            },
            "transit_gateway_id": "",
            "vpc_endpoint_id": null,
            "vpc_peering_connection_id": ""
          },
          "private": "eyJlMmJmYjczMC1lY2FhLTExZTYtOGY4OC0zNDM2M2JjN2M0YzAiOnsiY3JlYXRlIjozMDAwMDAwMDAwMDAsImRlbGV0ZSI6MzAwMDAwMDAwMDAwfX0=",
          "dependencies": [
            "data.aws_availability_zones.available",
            "module.vpc.aws_eip.nat",
            "module.vpc.aws_internet_gateway.this",
            "module.vpc.aws_nat_gateway.this",
            "module.vpc.aws_route_table.private",
            "module.vpc.aws_subnet.public",
            "module.vpc.aws_vpc.this",
            "module.vpc.aws_vpc_ipv4_cidr_block_association.this"
          ]
        }
      ]
    },
    {
      "module": "module.vpc",
      "mode": "managed",
      "type": "aws_route",
      "name": "public_internet_gateway",
      "provider": "provider[\"registry.terraform.io/hashicorp/aws\"]",
      "instances": [
        {
          "index_key": 0,
          "schema_version": 0,
          "attributes": {
            "destination_cidr_block": "0.0.0.0/0",
            "destination_ipv6_cidr_block": "",
            "destination_prefix_list_id": "",
            "egress_only_gateway_id": "",
            "gateway_id": "igw-08e60146fca571c39",
            "id": "r-rtb-0f39e6c90226107ce1080289494",
            "instance_id": "",
            "instance_owner_id": "",
            "local_gateway_id": "",
            "nat_gateway_id": "",
            "network_interface_id": "",
            "origin": "CreateRoute",
            "route_table_id": "rtb-0f39e6c90226107ce",
            "state": "active",
            "timeouts": {
              "create": "5m",
              "delete": null
            },
            "transit_gateway_id": "",
            "vpc_endpoint_id": null,
            "vpc_peering_connection_id": ""
          },
          "private": "eyJlMmJmYjczMC1lY2FhLTExZTYtOGY4OC0zNDM2M2JjN2M0YzAiOnsiY3JlYXRlIjozMDAwMDAwMDAwMDAsImRlbGV0ZSI6MzAwMDAwMDAwMDAwfX0=",
          "dependencies": [
            "module.vpc.aws_internet_gateway.this",
            "module.vpc.aws_route_table.public",
            "module.vpc.aws_vpc.this",
            "module.vpc.aws_vpc_ipv4_cidr_block_association.this"
          ]
        }
      ]
    },
    {
      "module": "module.vpc",
      "mode": "managed",
      "type": "aws_route_table",
      "name": "private",
      "provider": "provider[\"registry.terraform.io/hashicorp/aws\"]",
      "instances": [
        {
          "index_key": 0,
          "schema_version": 0,
          "attributes": {
            "id": "rtb-0c1ae74d1076a6752",
            "owner_id": "346831921596",
            "propagating_vgws": [],
            "route": [],
            "tags": {
              "Name": "backbase-vpc-private",
              "kubernetes.io/cluster/first-sample-eks": "shared"
            },
            "vpc_id": "vpc-02991cf5c94deb34e"
          },
          "private": "bnVsbA==",
          "dependencies": [
            "data.aws_availability_zones.available",
            "module.vpc.aws_vpc.this",
            "module.vpc.aws_vpc_ipv4_cidr_block_association.this"
          ]
        }
      ]
    },
    {
      "module": "module.vpc",
      "mode": "managed",
      "type": "aws_route_table",
      "name": "public",
      "provider": "provider[\"registry.terraform.io/hashicorp/aws\"]",
      "instances": [
        {
          "index_key": 0,
          "schema_version": 0,
          "attributes": {
            "id": "rtb-0f39e6c90226107ce",
            "owner_id": "346831921596",
            "propagating_vgws": [],
            "route": [],
            "tags": {
              "Name": "backbase-vpc-public",
              "kubernetes.io/cluster/first-sample-eks": "shared"
            },
            "vpc_id": "vpc-02991cf5c94deb34e"
          },
          "private": "bnVsbA==",
          "dependencies": [
            "module.vpc.aws_vpc.this",
            "module.vpc.aws_vpc_ipv4_cidr_block_association.this"
          ]
        }
      ]
    },
    {
      "module": "module.vpc",
      "mode": "managed",
      "type": "aws_route_table_association",
      "name": "private",
      "provider": "provider[\"registry.terraform.io/hashicorp/aws\"]",
      "instances": [
        {
          "index_key": 0,
          "schema_version": 0,
          "attributes": {
            "gateway_id": null,
            "id": "rtbassoc-01177d448b1002d4c",
            "route_table_id": "rtb-0c1ae74d1076a6752",
            "subnet_id": "subnet-0a7e21d9acc8032e4"
          },
          "private": "bnVsbA==",
          "dependencies": [
            "data.aws_availability_zones.available",
            "module.vpc.aws_route_table.private",
            "module.vpc.aws_subnet.private",
            "module.vpc.aws_vpc.this",
            "module.vpc.aws_vpc_ipv4_cidr_block_association.this"
          ]
        },
        {
          "index_key": 1,
          "schema_version": 0,
          "attributes": {
            "gateway_id": null,
            "id": "rtbassoc-04a697d646e2eaf55",
            "route_table_id": "rtb-0c1ae74d1076a6752",
            "subnet_id": "subnet-01d7d1fe8ed87f60b"
          },
          "private": "bnVsbA==",
          "dependencies": [
            "data.aws_availability_zones.available",
            "module.vpc.aws_route_table.private",
            "module.vpc.aws_subnet.private",
            "module.vpc.aws_vpc.this",
            "module.vpc.aws_vpc_ipv4_cidr_block_association.this"
          ]
        },
        {
          "index_key": 2,
          "schema_version": 0,
          "attributes": {
            "gateway_id": null,
            "id": "rtbassoc-0dd8774e22b62adf6",
            "route_table_id": "rtb-0c1ae74d1076a6752",
            "subnet_id": "subnet-0e0f121f898915794"
          },
          "private": "bnVsbA==",
          "dependencies": [
            "data.aws_availability_zones.available",
            "module.vpc.aws_route_table.private",
            "module.vpc.aws_subnet.private",
            "module.vpc.aws_vpc.this",
            "module.vpc.aws_vpc_ipv4_cidr_block_association.this"
          ]
        }
      ]
    },
    {
      "module": "module.vpc",
      "mode": "managed",
      "type": "aws_route_table_association",
      "name": "public",
      "provider": "provider[\"registry.terraform.io/hashicorp/aws\"]",
      "instances": [
        {
          "index_key": 0,
          "schema_version": 0,
          "attributes": {
            "gateway_id": null,
            "id": "rtbassoc-0f87525f487052417",
            "route_table_id": "rtb-0f39e6c90226107ce",
            "subnet_id": "subnet-00ed78cf405e115fe"
          },
          "private": "bnVsbA==",
          "dependencies": [
            "data.aws_availability_zones.available",
            "module.vpc.aws_route_table.public",
            "module.vpc.aws_subnet.public",
            "module.vpc.aws_vpc.this",
            "module.vpc.aws_vpc_ipv4_cidr_block_association.this"
          ]
        },
        {
          "index_key": 1,
          "schema_version": 0,
          "attributes": {
            "gateway_id": null,
            "id": "rtbassoc-00c2c7bd792805ab3",
            "route_table_id": "rtb-0f39e6c90226107ce",
            "subnet_id": "subnet-0b93fb84568382200"
          },
          "private": "bnVsbA==",
          "dependencies": [
            "data.aws_availability_zones.available",
            "module.vpc.aws_route_table.public",
            "module.vpc.aws_subnet.public",
            "module.vpc.aws_vpc.this",
            "module.vpc.aws_vpc_ipv4_cidr_block_association.this"
          ]
        },
        {
          "index_key": 2,
          "schema_version": 0,
          "attributes": {
            "gateway_id": null,
            "id": "rtbassoc-0c212a75008bf4829",
            "route_table_id": "rtb-0f39e6c90226107ce",
            "subnet_id": "subnet-0497a067b9f6aa0cd"
          },
          "private": "bnVsbA==",
          "dependencies": [
            "data.aws_availability_zones.available",
            "module.vpc.aws_route_table.public",
            "module.vpc.aws_subnet.public",
            "module.vpc.aws_vpc.this",
            "module.vpc.aws_vpc_ipv4_cidr_block_association.this"
          ]
        }
      ]
    },
    {
      "module": "module.vpc",
      "mode": "managed",
      "type": "aws_subnet",
      "name": "private",
      "provider": "provider[\"registry.terraform.io/hashicorp/aws\"]",
      "instances": [
        {
          "index_key": 0,
          "schema_version": 1,
          "attributes": {
            "arn": "arn:aws:ec2:eu-west-1:346831921596:subnet/subnet-0a7e21d9acc8032e4",
            "assign_ipv6_address_on_creation": false,
            "availability_zone": "eu-west-1a",
            "availability_zone_id": "euw1-az2",
            "cidr_block": "192.168.0.0/23",
            "id": "subnet-0a7e21d9acc8032e4",
            "ipv6_cidr_block": "",
            "ipv6_cidr_block_association_id": "",
            "map_public_ip_on_launch": false,
            "outpost_arn": "",
            "owner_id": "346831921596",
            "tags": {
              "Name": "backbase-vpc-private-eu-west-1a",
              "kubernetes.io/cluster/first-sample-eks": "shared",
              "kubernetes.io/role/internal-elb": "1"
            },
            "timeouts": null,
            "vpc_id": "vpc-02991cf5c94deb34e"
          },
          "private": "eyJlMmJmYjczMC1lY2FhLTExZTYtOGY4OC0zNDM2M2JjN2M0YzAiOnsiY3JlYXRlIjo2MDAwMDAwMDAwMDAsImRlbGV0ZSI6MTIwMDAwMDAwMDAwMH0sInNjaGVtYV92ZXJzaW9uIjoiMSJ9",
          "dependencies": [
            "data.aws_availability_zones.available",
            "module.vpc.aws_vpc.this",
            "module.vpc.aws_vpc_ipv4_cidr_block_association.this"
          ]
        },
        {
          "index_key": 1,
          "schema_version": 1,
          "attributes": {
            "arn": "arn:aws:ec2:eu-west-1:346831921596:subnet/subnet-01d7d1fe8ed87f60b",
            "assign_ipv6_address_on_creation": false,
            "availability_zone": "eu-west-1b",
            "availability_zone_id": "euw1-az3",
            "cidr_block": "192.168.2.0/23",
            "id": "subnet-01d7d1fe8ed87f60b",
            "ipv6_cidr_block": "",
            "ipv6_cidr_block_association_id": "",
            "map_public_ip_on_launch": false,
            "outpost_arn": "",
            "owner_id": "346831921596",
            "tags": {
              "Name": "backbase-vpc-private-eu-west-1b",
              "kubernetes.io/cluster/first-sample-eks": "shared",
              "kubernetes.io/role/internal-elb": "1"
            },
            "timeouts": null,
            "vpc_id": "vpc-02991cf5c94deb34e"
          },
          "private": "eyJlMmJmYjczMC1lY2FhLTExZTYtOGY4OC0zNDM2M2JjN2M0YzAiOnsiY3JlYXRlIjo2MDAwMDAwMDAwMDAsImRlbGV0ZSI6MTIwMDAwMDAwMDAwMH0sInNjaGVtYV92ZXJzaW9uIjoiMSJ9",
          "dependencies": [
            "data.aws_availability_zones.available",
            "module.vpc.aws_vpc.this",
            "module.vpc.aws_vpc_ipv4_cidr_block_association.this"
          ]
        },
        {
          "index_key": 2,
          "schema_version": 1,
          "attributes": {
            "arn": "arn:aws:ec2:eu-west-1:346831921596:subnet/subnet-0e0f121f898915794",
            "assign_ipv6_address_on_creation": false,
            "availability_zone": "eu-west-1c",
            "availability_zone_id": "euw1-az1",
            "cidr_block": "192.168.4.0/23",
            "id": "subnet-0e0f121f898915794",
            "ipv6_cidr_block": "",
            "ipv6_cidr_block_association_id": "",
            "map_public_ip_on_launch": false,
            "outpost_arn": "",
            "owner_id": "346831921596",
            "tags": {
              "Name": "backbase-vpc-private-eu-west-1c",
              "kubernetes.io/cluster/first-sample-eks": "shared",
              "kubernetes.io/role/internal-elb": "1"
            },
            "timeouts": null,
            "vpc_id": "vpc-02991cf5c94deb34e"
          },
          "private": "eyJlMmJmYjczMC1lY2FhLTExZTYtOGY4OC0zNDM2M2JjN2M0YzAiOnsiY3JlYXRlIjo2MDAwMDAwMDAwMDAsImRlbGV0ZSI6MTIwMDAwMDAwMDAwMH0sInNjaGVtYV92ZXJzaW9uIjoiMSJ9",
          "dependencies": [
            "data.aws_availability_zones.available",
            "module.vpc.aws_vpc.this",
            "module.vpc.aws_vpc_ipv4_cidr_block_association.this"
          ]
        }
      ]
    },
    {
      "module": "module.vpc",
      "mode": "managed",
      "type": "aws_subnet",
      "name": "public",
      "provider": "provider[\"registry.terraform.io/hashicorp/aws\"]",
      "instances": [
        {
          "index_key": 0,
          "schema_version": 1,
          "attributes": {
            "arn": "arn:aws:ec2:eu-west-1:346831921596:subnet/subnet-00ed78cf405e115fe",
            "assign_ipv6_address_on_creation": false,
            "availability_zone": "eu-west-1a",
            "availability_zone_id": "euw1-az2",
            "cidr_block": "192.168.6.0/23",
            "id": "subnet-00ed78cf405e115fe",
            "ipv6_cidr_block": "",
            "ipv6_cidr_block_association_id": "",
            "map_public_ip_on_launch": true,
            "outpost_arn": "",
            "owner_id": "346831921596",
            "tags": {
              "Name": "backbase-vpc-public-eu-west-1a",
              "kubernetes.io/cluster/first-sample-eks": "shared",
              "kubernetes.io/role/elb": "1"
            },
            "timeouts": null,
            "vpc_id": "vpc-02991cf5c94deb34e"
          },
          "private": "eyJlMmJmYjczMC1lY2FhLTExZTYtOGY4OC0zNDM2M2JjN2M0YzAiOnsiY3JlYXRlIjo2MDAwMDAwMDAwMDAsImRlbGV0ZSI6MTIwMDAwMDAwMDAwMH0sInNjaGVtYV92ZXJzaW9uIjoiMSJ9",
          "dependencies": [
            "data.aws_availability_zones.available",
            "module.vpc.aws_vpc.this",
            "module.vpc.aws_vpc_ipv4_cidr_block_association.this"
          ],
          "create_before_destroy": true
        },
        {
          "index_key": 1,
          "schema_version": 1,
          "attributes": {
            "arn": "arn:aws:ec2:eu-west-1:346831921596:subnet/subnet-0b93fb84568382200",
            "assign_ipv6_address_on_creation": false,
            "availability_zone": "eu-west-1b",
            "availability_zone_id": "euw1-az3",
            "cidr_block": "192.168.8.0/23",
            "id": "subnet-0b93fb84568382200",
            "ipv6_cidr_block": "",
            "ipv6_cidr_block_association_id": "",
            "map_public_ip_on_launch": true,
            "outpost_arn": "",
            "owner_id": "346831921596",
            "tags": {
              "Name": "backbase-vpc-public-eu-west-1b",
              "kubernetes.io/cluster/first-sample-eks": "shared",
              "kubernetes.io/role/elb": "1"
            },
            "timeouts": null,
            "vpc_id": "vpc-02991cf5c94deb34e"
          },
          "private": "eyJlMmJmYjczMC1lY2FhLTExZTYtOGY4OC0zNDM2M2JjN2M0YzAiOnsiY3JlYXRlIjo2MDAwMDAwMDAwMDAsImRlbGV0ZSI6MTIwMDAwMDAwMDAwMH0sInNjaGVtYV92ZXJzaW9uIjoiMSJ9",
          "dependencies": [
            "data.aws_availability_zones.available",
            "module.vpc.aws_vpc.this",
            "module.vpc.aws_vpc_ipv4_cidr_block_association.this"
          ],
          "create_before_destroy": true
        },
        {
          "index_key": 2,
          "schema_version": 1,
          "attributes": {
            "arn": "arn:aws:ec2:eu-west-1:346831921596:subnet/subnet-0497a067b9f6aa0cd",
            "assign_ipv6_address_on_creation": false,
            "availability_zone": "eu-west-1c",
            "availability_zone_id": "euw1-az1",
            "cidr_block": "192.168.10.0/23",
            "id": "subnet-0497a067b9f6aa0cd",
            "ipv6_cidr_block": "",
            "ipv6_cidr_block_association_id": "",
            "map_public_ip_on_launch": true,
            "outpost_arn": "",
            "owner_id": "346831921596",
            "tags": {
              "Name": "backbase-vpc-public-eu-west-1c",
              "kubernetes.io/cluster/first-sample-eks": "shared",
              "kubernetes.io/role/elb": "1"
            },
            "timeouts": null,
            "vpc_id": "vpc-02991cf5c94deb34e"
          },
          "private": "eyJlMmJmYjczMC1lY2FhLTExZTYtOGY4OC0zNDM2M2JjN2M0YzAiOnsiY3JlYXRlIjo2MDAwMDAwMDAwMDAsImRlbGV0ZSI6MTIwMDAwMDAwMDAwMH0sInNjaGVtYV92ZXJzaW9uIjoiMSJ9",
          "dependencies": [
            "data.aws_availability_zones.available",
            "module.vpc.aws_vpc.this",
            "module.vpc.aws_vpc_ipv4_cidr_block_association.this"
          ],
          "create_before_destroy": true
        }
      ]
    },
    {
      "module": "module.vpc",
      "mode": "managed",
      "type": "aws_vpc",
      "name": "this",
      "provider": "provider[\"registry.terraform.io/hashicorp/aws\"]",
      "instances": [
        {
          "index_key": 0,
          "schema_version": 1,
          "attributes": {
            "arn": "arn:aws:ec2:eu-west-1:346831921596:vpc/vpc-02991cf5c94deb34e",
            "assign_generated_ipv6_cidr_block": false,
            "cidr_block": "192.168.0.0/20",
            "default_network_acl_id": "acl-046db03172392952f",
            "default_route_table_id": "rtb-0fa983f62c1917ce8",
            "default_security_group_id": "sg-0ee02eceda6c6cfd9",
            "dhcp_options_id": "dopt-a8f0f7ce",
            "enable_classiclink": false,
            "enable_classiclink_dns_support": false,
            "enable_dns_hostnames": true,
            "enable_dns_support": true,
            "id": "vpc-02991cf5c94deb34e",
            "instance_tenancy": "default",
            "ipv6_association_id": "",
            "ipv6_cidr_block": "",
            "main_route_table_id": "rtb-0fa983f62c1917ce8",
            "owner_id": "346831921596",
            "tags": {
              "Name": "backbase-vpc",
              "kubernetes.io/cluster/first-sample-eks": "shared"
            }
          },
          "private": "eyJzY2hlbWFfdmVyc2lvbiI6IjEifQ==",
          "create_before_destroy": true
        }
      ]
    }
  ]
}
